// !$*UTF8*$!
{
	archiveVersion = 1;
	classes = {
	};
	objectVersion = 50;
	objects = {

/* Begin PBXBuildFile section */
		42077BF72123CA3A0083365B /* AppDelegate.m in Sources */ = {isa = PBXBuildFile; fileRef = 42077BF62123CA3A0083365B /* AppDelegate.m */; };
		42077BFD2123CA3A0083365B /* Main.storyboard in Resources */ = {isa = PBXBuildFile; fileRef = 42077BFB2123CA3A0083365B /* Main.storyboard */; };
		42077BFF2123CA3B0083365B /* Assets.xcassets in Resources */ = {isa = PBXBuildFile; fileRef = 42077BFE2123CA3B0083365B /* Assets.xcassets */; };
		42077C022123CA3B0083365B /* LaunchScreen.storyboard in Resources */ = {isa = PBXBuildFile; fileRef = 42077C002123CA3B0083365B /* LaunchScreen.storyboard */; };
		42077C052123CA3B0083365B /* main.m in Sources */ = {isa = PBXBuildFile; fileRef = 42077C042123CA3B0083365B /* main.m */; };
		420A1434212410BD00449115 /* TestController.m in Sources */ = {isa = PBXBuildFile; fileRef = 420A1433212410BD00449115 /* TestController.m */; };
		420A1437212413C400449115 /* TestObject.m in Sources */ = {isa = PBXBuildFile; fileRef = 420A1436212413C400449115 /* TestObject.m */; };
		420A143A2124293D00449115 /* BlockTest.m in Sources */ = {isa = PBXBuildFile; fileRef = 420A14392124293D00449115 /* BlockTest.m */; };
		42165784212BEB16008CF6C1 /* BYDownloadCell.m in Sources */ = {isa = PBXBuildFile; fileRef = 42165782212BEB16008CF6C1 /* BYDownloadCell.m */; };
		42165787212BED4D008CF6C1 /* DownloadObject.m in Sources */ = {isa = PBXBuildFile; fileRef = 42165786212BED4D008CF6C1 /* DownloadObject.m */; };
		4217B2DD2140FC3900FE7078 /* StringTestController.m in Sources */ = {isa = PBXBuildFile; fileRef = 4217B2DC2140FC3900FE7078 /* StringTestController.m */; };
		42FB51862134E37D003CEC7A /* DownloadManagerController.m in Sources */ = {isa = PBXBuildFile; fileRef = 42FB51842134E37D003CEC7A /* DownloadManagerController.m */; };
		42FB518C2134E385003CEC7A /* BYDownloadOpreation.m in Sources */ = {isa = PBXBuildFile; fileRef = 42FB51882134E385003CEC7A /* BYDownloadOpreation.m */; };
		42FB518D2134E385003CEC7A /* BYDownloadManager.m in Sources */ = {isa = PBXBuildFile; fileRef = 42FB51892134E385003CEC7A /* BYDownloadManager.m */; };
		42FB51912134E427003CEC7A /* KVOArrayController.m in Sources */ = {isa = PBXBuildFile; fileRef = 42FB51902134E427003CEC7A /* KVOArrayController.m */; };
		42FB51942134E480003CEC7A /* BYKVOArray.m in Sources */ = {isa = PBXBuildFile; fileRef = 42FB51932134E480003CEC7A /* BYKVOArray.m */; };
		77DEB900212B0F4200F30B0E /* TestOperation.m in Sources */ = {isa = PBXBuildFile; fileRef = 77DEB8FF212B0F4200F30B0E /* TestOperation.m */; };
		77DEBAAE214186C800F30B0E /* CFNumber.c in Sources */ = {isa = PBXBuildFile; fileRef = 77DEBA0C214186C800F30B0E /* CFNumber.c */; };
		77DEBAAF214186C800F30B0E /* CFError.c in Sources */ = {isa = PBXBuildFile; fileRef = 77DEBA0D214186C800F30B0E /* CFError.c */; };
		77DEBAB0214186C800F30B0E /* CFPropertyList.c in Sources */ = {isa = PBXBuildFile; fileRef = 77DEBA10214186C800F30B0E /* CFPropertyList.c */; };
		77DEBAB1214186C800F30B0E /* CFConcreteStreams.c in Sources */ = {isa = PBXBuildFile; fileRef = 77DEBA15214186C800F30B0E /* CFConcreteStreams.c */; };
		77DEBAB2214186C800F30B0E /* SymbolAliases in Resources */ = {isa = PBXBuildFile; fileRef = 77DEBA18214186C800F30B0E /* SymbolAliases */; };
		77DEBAB3214186C800F30B0E /* CFTimeZone.c in Sources */ = {isa = PBXBuildFile; fileRef = 77DEBA1A214186C800F30B0E /* CFTimeZone.c */; };
		77DEBAB4214186C800F30B0E /* CFVersion.c in Sources */ = {isa = PBXBuildFile; fileRef = 77DEBA1B214186C800F30B0E /* CFVersion.c */; };
		77DEBAB5214186C800F30B0E /* CFBinaryPList.c in Sources */ = {isa = PBXBuildFile; fileRef = 77DEBA1D214186C800F30B0E /* CFBinaryPList.c */; };
		77DEBAB6214186C800F30B0E /* CFBundle_Resources.c in Sources */ = {isa = PBXBuildFile; fileRef = 77DEBA1F214186C800F30B0E /* CFBundle_Resources.c */; };
		77DEBAB7214186C800F30B0E /* CFString.c in Sources */ = {isa = PBXBuildFile; fileRef = 77DEBA21214186C800F30B0E /* CFString.c */; };
		77DEBAB8214186C800F30B0E /* CFBasicHash.c in Sources */ = {isa = PBXBuildFile; fileRef = 77DEBA22214186C800F30B0E /* CFBasicHash.c */; };
		77DEBAB9214186C800F30B0E /* CFBundle_InfoPlist.c in Sources */ = {isa = PBXBuildFile; fileRef = 77DEBA24214186C800F30B0E /* CFBundle_InfoPlist.c */; };
		77DEBABA214186C800F30B0E /* CFXMLParser.c in Sources */ = {isa = PBXBuildFile; fileRef = 77DEBA25214186C800F30B0E /* CFXMLParser.c */; };
		77DEBABB214186C800F30B0E /* CFBitVector.c in Sources */ = {isa = PBXBuildFile; fileRef = 77DEBA26214186C800F30B0E /* CFBitVector.c */; };
		77DEBABC214186C800F30B0E /* CFRunLoop.c in Sources */ = {isa = PBXBuildFile; fileRef = 77DEBA28214186C800F30B0E /* CFRunLoop.c */; };
		77DEBABD214186C800F30B0E /* CFSocket.c in Sources */ = {isa = PBXBuildFile; fileRef = 77DEBA2B214186C800F30B0E /* CFSocket.c */; };
		77DEBABE214186C800F30B0E /* APPLE_LICENSE in Resources */ = {isa = PBXBuildFile; fileRef = 77DEBA2D214186C800F30B0E /* APPLE_LICENSE */; };
		77DEBABF214186C800F30B0E /* CFURL.c in Sources */ = {isa = PBXBuildFile; fileRef = 77DEBA2E214186C800F30B0E /* CFURL.c */; };
		77DEBAC0214186C800F30B0E /* CFApplicationPreferences.c in Sources */ = {isa = PBXBuildFile; fileRef = 77DEBA2F214186C800F30B0E /* CFApplicationPreferences.c */; };
		77DEBAC1214186C800F30B0E /* CFBasicHashFindBucket.m in Sources */ = {isa = PBXBuildFile; fileRef = 77DEBA31214186C800F30B0E /* CFBasicHashFindBucket.m */; };
		77DEBAC2214186C800F30B0E /* CFStringEncodingDatabase.c in Sources */ = {isa = PBXBuildFile; fileRef = 77DEBA33214186C800F30B0E /* CFStringEncodingDatabase.c */; };
		77DEBAC3214186C800F30B0E /* CFSystemDirectories.c in Sources */ = {isa = PBXBuildFile; fileRef = 77DEBA34214186C800F30B0E /* CFSystemDirectories.c */; };
		77DEBAC4214186C800F30B0E /* CFUnicodeData-B.mapping in Resources */ = {isa = PBXBuildFile; fileRef = 77DEBA35214186C800F30B0E /* CFUnicodeData-B.mapping */; };
		77DEBAC5214186C800F30B0E /* CFCalendar.c in Sources */ = {isa = PBXBuildFile; fileRef = 77DEBA36214186C800F30B0E /* CFCalendar.c */; };
		77DEBAC6214186C800F30B0E /* CFOldStylePList.c in Sources */ = {isa = PBXBuildFile; fileRef = 77DEBA37214186C800F30B0E /* CFOldStylePList.c */; };
		77DEBAC7214186C800F30B0E /* Makefile in Sources */ = {isa = PBXBuildFile; fileRef = 77DEBA38214186C800F30B0E /* Makefile */; };
		77DEBAC8214186C800F30B0E /* CFICUConverters.c in Sources */ = {isa = PBXBuildFile; fileRef = 77DEBA3B214186C800F30B0E /* CFICUConverters.c */; };
		77DEBAC9214186C800F30B0E /* CFSet.c in Sources */ = {isa = PBXBuildFile; fileRef = 77DEBA3C214186C800F30B0E /* CFSet.c */; };
		77DEBACA214186C800F30B0E /* CFBase.c in Sources */ = {isa = PBXBuildFile; fileRef = 77DEBA3D214186C800F30B0E /* CFBase.c */; };
		77DEBACB214186C800F30B0E /* CFSortFunctions.c in Sources */ = {isa = PBXBuildFile; fileRef = 77DEBA3F214186C800F30B0E /* CFSortFunctions.c */; };
		77DEBACC214186C800F30B0E /* CFBinaryHeap.c in Sources */ = {isa = PBXBuildFile; fileRef = 77DEBA40214186C800F30B0E /* CFBinaryHeap.c */; };
		77DEBACD214186C800F30B0E /* CFUtilities.c in Sources */ = {isa = PBXBuildFile; fileRef = 77DEBA42214186C800F30B0E /* CFUtilities.c */; };
		77DEBACE214186C800F30B0E /* MakefileVersion in Resources */ = {isa = PBXBuildFile; fileRef = 77DEBA43214186C800F30B0E /* MakefileVersion */; };
		77DEBACF214186C800F30B0E /* CFFileUtilities.c in Sources */ = {isa = PBXBuildFile; fileRef = 77DEBA49214186C800F30B0E /* CFFileUtilities.c */; };
		77DEBAD0214186C800F30B0E /* CFBundle_Locale.c in Sources */ = {isa = PBXBuildFile; fileRef = 77DEBA4A214186C800F30B0E /* CFBundle_Locale.c */; };
		77DEBAD1214186C800F30B0E /* CFLocaleKeys.c in Sources */ = {isa = PBXBuildFile; fileRef = 77DEBA4B214186C800F30B0E /* CFLocaleKeys.c */; };
		77DEBAD2214186C800F30B0E /* CFBundle_Strings.c in Sources */ = {isa = PBXBuildFile; fileRef = 77DEBA4E214186C800F30B0E /* CFBundle_Strings.c */; };
		77DEBAD3214186C800F30B0E /* CFUniChar.c in Sources */ = {isa = PBXBuildFile; fileRef = 77DEBA55214186C800F30B0E /* CFUniChar.c */; };
		77DEBAD4214186C800F30B0E /* CFRuntime.c in Sources */ = {isa = PBXBuildFile; fileRef = 77DEBA5B214186C800F30B0E /* CFRuntime.c */; };
		77DEBAD5214186C800F30B0E /* CFPreferences.c in Sources */ = {isa = PBXBuildFile; fileRef = 77DEBA5C214186C800F30B0E /* CFPreferences.c */; };
		77DEBAD6214186C800F30B0E /* CFUserNotification.c in Sources */ = {isa = PBXBuildFile; fileRef = 77DEBA5D214186C800F30B0E /* CFUserNotification.c */; };
		77DEBAD7214186C800F30B0E /* CFXMLPreferencesDomain.c in Sources */ = {isa = PBXBuildFile; fileRef = 77DEBA60214186C800F30B0E /* CFXMLPreferencesDomain.c */; };
		77DEBAD8214186C800F30B0E /* README_CFLITE in Resources */ = {isa = PBXBuildFile; fileRef = 77DEBA64214186C800F30B0E /* README_CFLITE */; };
		77DEBAD9214186C800F30B0E /* CFCharacterSetBitmaps.bitmap in Resources */ = {isa = PBXBuildFile; fileRef = 77DEBA65214186C800F30B0E /* CFCharacterSetBitmaps.bitmap */; };
		77DEBADA214186C800F30B0E /* CFXMLInputStream.c in Sources */ = {isa = PBXBuildFile; fileRef = 77DEBA66214186C800F30B0E /* CFXMLInputStream.c */; };
		77DEBADB214186C800F30B0E /* CFBag.c in Sources */ = {isa = PBXBuildFile; fileRef = 77DEBA67214186C800F30B0E /* CFBag.c */; };
		77DEBADC214186C800F30B0E /* CFBundle.c in Sources */ = {isa = PBXBuildFile; fileRef = 77DEBA69214186C800F30B0E /* CFBundle.c */; };
		77DEBADD214186C800F30B0E /* CFSocketStream.c in Sources */ = {isa = PBXBuildFile; fileRef = 77DEBA6A214186C800F30B0E /* CFSocketStream.c */; };
		77DEBADE214186C800F30B0E /* CFBigNumber.c in Sources */ = {isa = PBXBuildFile; fileRef = 77DEBA6B214186C800F30B0E /* CFBigNumber.c */; };
		77DEBADF214186C800F30B0E /* CFUUID.c in Sources */ = {isa = PBXBuildFile; fileRef = 77DEBA6C214186C800F30B0E /* CFUUID.c */; };
		77DEBAE0214186C800F30B0E /* PropertyList.dtd in Resources */ = {isa = PBXBuildFile; fileRef = 77DEBA6D214186C800F30B0E /* PropertyList.dtd */; };
		77DEBAE1214186C800F30B0E /* CFBundle_Binary.c in Sources */ = {isa = PBXBuildFile; fileRef = 77DEBA6E214186C800F30B0E /* CFBundle_Binary.c */; };
		77DEBAE2214186C800F30B0E /* CFPlugIn_Instance.c in Sources */ = {isa = PBXBuildFile; fileRef = 77DEBA6F214186C800F30B0E /* CFPlugIn_Instance.c */; };
		77DEBAE3214186C800F30B0E /* CFBuiltinConverters.c in Sources */ = {isa = PBXBuildFile; fileRef = 77DEBA72214186C800F30B0E /* CFBuiltinConverters.c */; };
		77DEBAE4214186C800F30B0E /* CFStorage.c in Sources */ = {isa = PBXBuildFile; fileRef = 77DEBA73214186C800F30B0E /* CFStorage.c */; };
		77DEBAE5214186C800F30B0E /* plconvert.c in Sources */ = {isa = PBXBuildFile; fileRef = 77DEBA75214186C800F30B0E /* plconvert.c */; };
		77DEBAE6214186C800F30B0E /* CFCharacterSet.c in Sources */ = {isa = PBXBuildFile; fileRef = 77DEBA76214186C800F30B0E /* CFCharacterSet.c */; };
		77DEBAE7214186C800F30B0E /* CFDictionary.c in Sources */ = {isa = PBXBuildFile; fileRef = 77DEBA77214186C800F30B0E /* CFDictionary.c */; };
		77DEBAE8214186C800F30B0E /* CFXMLTree.c in Sources */ = {isa = PBXBuildFile; fileRef = 77DEBA7D214186C800F30B0E /* CFXMLTree.c */; };
		77DEBAE9214186C800F30B0E /* CFStream.c in Sources */ = {isa = PBXBuildFile; fileRef = 77DEBA7F214186C800F30B0E /* CFStream.c */; };
		77DEBAEA214186C800F30B0E /* CFLocaleIdentifier.c in Sources */ = {isa = PBXBuildFile; fileRef = 77DEBA80214186C800F30B0E /* CFLocaleIdentifier.c */; };
		77DEBAEB214186C800F30B0E /* CFXMLNode.c in Sources */ = {isa = PBXBuildFile; fileRef = 77DEBA81214186C800F30B0E /* CFXMLNode.c */; };
		77DEBAEC214186C800F30B0E /* CFArray.c in Sources */ = {isa = PBXBuildFile; fileRef = 77DEBA82214186C800F30B0E /* CFArray.c */; };
		77DEBAED214186C800F30B0E /* CFPlatform.c in Sources */ = {isa = PBXBuildFile; fileRef = 77DEBA85214186C800F30B0E /* CFPlatform.c */; };
		77DEBAEE214186C800F30B0E /* CFStringScanner.c in Sources */ = {isa = PBXBuildFile; fileRef = 77DEBA86214186C800F30B0E /* CFStringScanner.c */; };
		77DEBAEF214186C800F30B0E /* CFMachPort.c in Sources */ = {isa = PBXBuildFile; fileRef = 77DEBA87214186C800F30B0E /* CFMachPort.c */; };
		77DEBAF0214186C800F30B0E /* CFUnicodePrecomposition.c in Sources */ = {isa = PBXBuildFile; fileRef = 77DEBA88214186C800F30B0E /* CFUnicodePrecomposition.c */; };
		77DEBAF1214186C800F30B0E /* CFMessagePort.c in Sources */ = {isa = PBXBuildFile; fileRef = 77DEBA8A214186C800F30B0E /* CFMessagePort.c */; };
		77DEBAF2214186C800F30B0E /* CFTree.c in Sources */ = {isa = PBXBuildFile; fileRef = 77DEBA8B214186C800F30B0E /* CFTree.c */; };
		77DEBAF3214186C800F30B0E /* CFUnicodeData-L.mapping in Resources */ = {isa = PBXBuildFile; fileRef = 77DEBA8F214186C800F30B0E /* CFUnicodeData-L.mapping */; };
		77DEBAF4214186C800F30B0E /* CFPlatformConverters.c in Sources */ = {isa = PBXBuildFile; fileRef = 77DEBA90214186C800F30B0E /* CFPlatformConverters.c */; };
		77DEBAF5214186C800F30B0E /* CFPlugIn_Factory.c in Sources */ = {isa = PBXBuildFile; fileRef = 77DEBA92214186C800F30B0E /* CFPlugIn_Factory.c */; };
		77DEBAF6214186C800F30B0E /* CFDateFormatter.c in Sources */ = {isa = PBXBuildFile; fileRef = 77DEBA93214186C800F30B0E /* CFDateFormatter.c */; };
		77DEBAF7214186C800F30B0E /* CFUniCharPropertyDatabase.data in Resources */ = {isa = PBXBuildFile; fileRef = 77DEBA95214186C800F30B0E /* CFUniCharPropertyDatabase.data */; };
		77DEBAF8214186C800F30B0E /* MakefileLinux in Resources */ = {isa = PBXBuildFile; fileRef = 77DEBA96214186C800F30B0E /* MakefileLinux */; };
		77DEBAF9214186C800F30B0E /* CFStringUtilities.c in Sources */ = {isa = PBXBuildFile; fileRef = 77DEBA97214186C800F30B0E /* CFStringUtilities.c */; };
		77DEBAFA214186C800F30B0E /* CFWindowsUtilities.c in Sources */ = {isa = PBXBuildFile; fileRef = 77DEBA9C214186C800F30B0E /* CFWindowsUtilities.c */; };
		77DEBAFB214186C800F30B0E /* plconvert.c in Sources */ = {isa = PBXBuildFile; fileRef = 77DEBA9D214186C800F30B0E /* plconvert.c */; };
		77DEBAFC214186C800F30B0E /* CFURLAccess.c in Sources */ = {isa = PBXBuildFile; fileRef = 77DEBA9E214186C800F30B0E /* CFURLAccess.c */; };
		77DEBAFD214186C800F30B0E /* CFBundle_Grok.c in Sources */ = {isa = PBXBuildFile; fileRef = 77DEBA9F214186C800F30B0E /* CFBundle_Grok.c */; };
		77DEBAFE214186C800F30B0E /* CFNumberFormatter.c in Sources */ = {isa = PBXBuildFile; fileRef = 77DEBAA0214186C800F30B0E /* CFNumberFormatter.c */; };
		77DEBAFF214186C800F30B0E /* CFStringEncodings.c in Sources */ = {isa = PBXBuildFile; fileRef = 77DEBAA1214186C800F30B0E /* CFStringEncodings.c */; };
		77DEBB00214186C800F30B0E /* CFLocale.c in Sources */ = {isa = PBXBuildFile; fileRef = 77DEBAA2214186C800F30B0E /* CFLocale.c */; };
		77DEBB01214186C800F30B0E /* Info.plist in Resources */ = {isa = PBXBuildFile; fileRef = 77DEBAA6214186C800F30B0E /* Info.plist */; };
		77DEBB02214186C800F30B0E /* CFData.c in Sources */ = {isa = PBXBuildFile; fileRef = 77DEBAA7214186C800F30B0E /* CFData.c */; };
		77DEBB03214186C800F30B0E /* CFStringEncodingConverter.c in Sources */ = {isa = PBXBuildFile; fileRef = 77DEBAA8214186C800F30B0E /* CFStringEncodingConverter.c */; };
		77DEBB04214186C800F30B0E /* CFBurstTrie.c in Sources */ = {isa = PBXBuildFile; fileRef = 77DEBAA9214186C800F30B0E /* CFBurstTrie.c */; };
		77DEBB05214186C800F30B0E /* CFDate.c in Sources */ = {isa = PBXBuildFile; fileRef = 77DEBAAA214186C800F30B0E /* CFDate.c */; };
		77DEBB06214186C800F30B0E /* CFUnicodeDecomposition.c in Sources */ = {isa = PBXBuildFile; fileRef = 77DEBAAB214186C800F30B0E /* CFUnicodeDecomposition.c */; };
		77DEBB07214186C800F30B0E /* CFPlugIn_PlugIn.c in Sources */ = {isa = PBXBuildFile; fileRef = 77DEBAAC214186C800F30B0E /* CFPlugIn_PlugIn.c */; };
		77DEBB08214186C800F30B0E /* CFPlugIn.c in Sources */ = {isa = PBXBuildFile; fileRef = 77DEBAAD214186C800F30B0E /* CFPlugIn.c */; };
/* End PBXBuildFile section */

/* Begin PBXFileReference section */
		42077BF22123CA3A0083365B /* BYDownload.app */ = {isa = PBXFileReference; explicitFileType = wrapper.application; includeInIndex = 0; path = BYDownload.app; sourceTree = BUILT_PRODUCTS_DIR; };
		42077BF52123CA3A0083365B /* AppDelegate.h */ = {isa = PBXFileReference; lastKnownFileType = sourcecode.c.h; path = AppDelegate.h; sourceTree = "<group>"; };
		42077BF62123CA3A0083365B /* AppDelegate.m */ = {isa = PBXFileReference; lastKnownFileType = sourcecode.c.objc; path = AppDelegate.m; sourceTree = "<group>"; };
		42077BFC2123CA3A0083365B /* Base */ = {isa = PBXFileReference; lastKnownFileType = file.storyboard; name = Base; path = Base.lproj/Main.storyboard; sourceTree = "<group>"; };
		42077BFE2123CA3B0083365B /* Assets.xcassets */ = {isa = PBXFileReference; lastKnownFileType = folder.assetcatalog; path = Assets.xcassets; sourceTree = "<group>"; };
		42077C012123CA3B0083365B /* Base */ = {isa = PBXFileReference; lastKnownFileType = file.storyboard; name = Base; path = Base.lproj/LaunchScreen.storyboard; sourceTree = "<group>"; };
		42077C032123CA3B0083365B /* Info.plist */ = {isa = PBXFileReference; lastKnownFileType = text.plist.xml; path = Info.plist; sourceTree = "<group>"; };
		42077C042123CA3B0083365B /* main.m */ = {isa = PBXFileReference; lastKnownFileType = sourcecode.c.objc; path = main.m; sourceTree = "<group>"; };
		420A1432212410BD00449115 /* TestController.h */ = {isa = PBXFileReference; lastKnownFileType = sourcecode.c.h; path = TestController.h; sourceTree = "<group>"; };
		420A1433212410BD00449115 /* TestController.m */ = {isa = PBXFileReference; lastKnownFileType = sourcecode.c.objc; path = TestController.m; sourceTree = "<group>"; };
		420A1435212413C400449115 /* TestObject.h */ = {isa = PBXFileReference; lastKnownFileType = sourcecode.c.h; path = TestObject.h; sourceTree = "<group>"; };
		420A1436212413C400449115 /* TestObject.m */ = {isa = PBXFileReference; lastKnownFileType = sourcecode.c.objc; path = TestObject.m; sourceTree = "<group>"; };
		420A14382124293D00449115 /* BlockTest.h */ = {isa = PBXFileReference; lastKnownFileType = sourcecode.c.h; path = BlockTest.h; sourceTree = "<group>"; };
		420A14392124293D00449115 /* BlockTest.m */ = {isa = PBXFileReference; lastKnownFileType = sourcecode.c.objc; path = BlockTest.m; sourceTree = "<group>"; };
		420A143C21242C4B00449115 /* BlockTest.cpp */ = {isa = PBXFileReference; lastKnownFileType = sourcecode.cpp.cpp; path = BlockTest.cpp; sourceTree = "<group>"; };
		42165781212BEB16008CF6C1 /* BYDownloadCell.h */ = {isa = PBXFileReference; fileEncoding = 4; lastKnownFileType = sourcecode.c.h; path = BYDownloadCell.h; sourceTree = "<group>"; };
		42165782212BEB16008CF6C1 /* BYDownloadCell.m */ = {isa = PBXFileReference; fileEncoding = 4; lastKnownFileType = sourcecode.c.objc; path = BYDownloadCell.m; sourceTree = "<group>"; };
		42165785212BED4D008CF6C1 /* DownloadObject.h */ = {isa = PBXFileReference; lastKnownFileType = sourcecode.c.h; path = DownloadObject.h; sourceTree = "<group>"; };
		42165786212BED4D008CF6C1 /* DownloadObject.m */ = {isa = PBXFileReference; lastKnownFileType = sourcecode.c.objc; path = DownloadObject.m; sourceTree = "<group>"; };
		4217B2DB2140FC3900FE7078 /* StringTestController.h */ = {isa = PBXFileReference; lastKnownFileType = sourcecode.c.h; path = StringTestController.h; sourceTree = "<group>"; };
		4217B2DC2140FC3900FE7078 /* StringTestController.m */ = {isa = PBXFileReference; lastKnownFileType = sourcecode.c.objc; path = StringTestController.m; sourceTree = "<group>"; };
		42FB51842134E37D003CEC7A /* DownloadManagerController.m */ = {isa = PBXFileReference; fileEncoding = 4; lastKnownFileType = sourcecode.c.objc; path = DownloadManagerController.m; sourceTree = "<group>"; };
		42FB51852134E37D003CEC7A /* DownloadManagerController.h */ = {isa = PBXFileReference; fileEncoding = 4; lastKnownFileType = sourcecode.c.h; path = DownloadManagerController.h; sourceTree = "<group>"; };
		42FB51882134E385003CEC7A /* BYDownloadOpreation.m */ = {isa = PBXFileReference; fileEncoding = 4; lastKnownFileType = sourcecode.c.objc; path = BYDownloadOpreation.m; sourceTree = "<group>"; };
		42FB51892134E385003CEC7A /* BYDownloadManager.m */ = {isa = PBXFileReference; fileEncoding = 4; lastKnownFileType = sourcecode.c.objc; path = BYDownloadManager.m; sourceTree = "<group>"; };
		42FB518A2134E385003CEC7A /* BYDownloadOpreation.h */ = {isa = PBXFileReference; fileEncoding = 4; lastKnownFileType = sourcecode.c.h; path = BYDownloadOpreation.h; sourceTree = "<group>"; };
		42FB518B2134E385003CEC7A /* BYDownloadManager.h */ = {isa = PBXFileReference; fileEncoding = 4; lastKnownFileType = sourcecode.c.h; path = BYDownloadManager.h; sourceTree = "<group>"; };
		42FB518F2134E427003CEC7A /* KVOArrayController.h */ = {isa = PBXFileReference; lastKnownFileType = sourcecode.c.h; path = KVOArrayController.h; sourceTree = "<group>"; };
		42FB51902134E427003CEC7A /* KVOArrayController.m */ = {isa = PBXFileReference; lastKnownFileType = sourcecode.c.objc; path = KVOArrayController.m; sourceTree = "<group>"; };
		42FB51922134E480003CEC7A /* BYKVOArray.h */ = {isa = PBXFileReference; fileEncoding = 4; lastKnownFileType = sourcecode.c.h; path = BYKVOArray.h; sourceTree = "<group>"; };
		42FB51932134E480003CEC7A /* BYKVOArray.m */ = {isa = PBXFileReference; fileEncoding = 4; lastKnownFileType = sourcecode.c.objc; path = BYKVOArray.m; sourceTree = "<group>"; };
		77DEB8FE212B0F4200F30B0E /* TestOperation.h */ = {isa = PBXFileReference; lastKnownFileType = sourcecode.c.h; path = TestOperation.h; sourceTree = "<group>"; };
		77DEB8FF212B0F4200F30B0E /* TestOperation.m */ = {isa = PBXFileReference; lastKnownFileType = sourcecode.c.objc; path = TestOperation.m; sourceTree = "<group>"; };
		77DEBA07214186C800F30B0E /* CFUUID.h */ = {isa = PBXFileReference; fileEncoding = 4; lastKnownFileType = sourcecode.c.h; path = CFUUID.h; sourceTree = "<group>"; };
		77DEBA08214186C800F30B0E /* CFUniCharPriv.h */ = {isa = PBXFileReference; fileEncoding = 4; lastKnownFileType = sourcecode.c.h; path = CFUniCharPriv.h; sourceTree = "<group>"; };
		77DEBA09214186C800F30B0E /* CFBundle.h */ = {isa = PBXFileReference; fileEncoding = 4; lastKnownFileType = sourcecode.c.h; path = CFBundle.h; sourceTree = "<group>"; };
		77DEBA0A214186C800F30B0E /* CFBigNumber.h */ = {isa = PBXFileReference; fileEncoding = 4; lastKnownFileType = sourcecode.c.h; path = CFBigNumber.h; sourceTree = "<group>"; };
		77DEBA0B214186C800F30B0E /* CFXMLInputStream.h */ = {isa = PBXFileReference; fileEncoding = 4; lastKnownFileType = sourcecode.c.h; path = CFXMLInputStream.h; sourceTree = "<group>"; };
		77DEBA0C214186C800F30B0E /* CFNumber.c */ = {isa = PBXFileReference; fileEncoding = 4; lastKnownFileType = sourcecode.c.c; path = CFNumber.c; sourceTree = "<group>"; };
		77DEBA0D214186C800F30B0E /* CFError.c */ = {isa = PBXFileReference; fileEncoding = 4; lastKnownFileType = sourcecode.c.c; path = CFError.c; sourceTree = "<group>"; };
		77DEBA0E214186C800F30B0E /* CFBundle_Internal.h */ = {isa = PBXFileReference; fileEncoding = 4; lastKnownFileType = sourcecode.c.h; path = CFBundle_Internal.h; sourceTree = "<group>"; };
		77DEBA0F214186C800F30B0E /* CFURL.inc.h */ = {isa = PBXFileReference; fileEncoding = 4; lastKnownFileType = sourcecode.c.h; path = CFURL.inc.h; sourceTree = "<group>"; };
		77DEBA10214186C800F30B0E /* CFPropertyList.c */ = {isa = PBXFileReference; fileEncoding = 4; lastKnownFileType = sourcecode.c.c; path = CFPropertyList.c; sourceTree = "<group>"; };
		77DEBA11214186C800F30B0E /* CFBag.h */ = {isa = PBXFileReference; fileEncoding = 4; lastKnownFileType = sourcecode.c.h; path = CFBag.h; sourceTree = "<group>"; };
		77DEBA12214186C800F30B0E /* CFStringEncodingConverterPriv.h */ = {isa = PBXFileReference; fileEncoding = 4; lastKnownFileType = sourcecode.c.h; path = CFStringEncodingConverterPriv.h; sourceTree = "<group>"; };
		77DEBA13214186C800F30B0E /* CFRuntime.h */ = {isa = PBXFileReference; fileEncoding = 4; lastKnownFileType = sourcecode.c.h; path = CFRuntime.h; sourceTree = "<group>"; };
		77DEBA14214186C800F30B0E /* CFPreferences.h */ = {isa = PBXFileReference; fileEncoding = 4; lastKnownFileType = sourcecode.c.h; path = CFPreferences.h; sourceTree = "<group>"; };
		77DEBA15214186C800F30B0E /* CFConcreteStreams.c */ = {isa = PBXFileReference; fileEncoding = 4; lastKnownFileType = sourcecode.c.c; path = CFConcreteStreams.c; sourceTree = "<group>"; };
		77DEBA16214186C800F30B0E /* CoreFoundation_Prefix.h */ = {isa = PBXFileReference; fileEncoding = 4; lastKnownFileType = sourcecode.c.h; path = CoreFoundation_Prefix.h; sourceTree = "<group>"; };
		77DEBA17214186C800F30B0E /* CFAvailability.h */ = {isa = PBXFileReference; fileEncoding = 4; lastKnownFileType = sourcecode.c.h; path = CFAvailability.h; sourceTree = "<group>"; };
		77DEBA18214186C800F30B0E /* SymbolAliases */ = {isa = PBXFileReference; fileEncoding = 4; lastKnownFileType = text; path = SymbolAliases; sourceTree = "<group>"; };
		77DEBA19214186C800F30B0E /* CFUserNotification.h */ = {isa = PBXFileReference; fileEncoding = 4; lastKnownFileType = sourcecode.c.h; path = CFUserNotification.h; sourceTree = "<group>"; };
		77DEBA1A214186C800F30B0E /* CFTimeZone.c */ = {isa = PBXFileReference; fileEncoding = 4; lastKnownFileType = sourcecode.c.c; path = CFTimeZone.c; sourceTree = "<group>"; };
		77DEBA1B214186C800F30B0E /* CFVersion.c */ = {isa = PBXFileReference; fileEncoding = 4; lastKnownFileType = sourcecode.c.c; path = CFVersion.c; sourceTree = "<group>"; };
		77DEBA1C214186C800F30B0E /* ForFoundationOnly.h */ = {isa = PBXFileReference; fileEncoding = 4; lastKnownFileType = sourcecode.c.h; path = ForFoundationOnly.h; sourceTree = "<group>"; };
		77DEBA1D214186C800F30B0E /* CFBinaryPList.c */ = {isa = PBXFileReference; fileEncoding = 4; lastKnownFileType = sourcecode.c.c; path = CFBinaryPList.c; sourceTree = "<group>"; };
		77DEBA1E214186C800F30B0E /* CFXMLNode.h */ = {isa = PBXFileReference; fileEncoding = 4; lastKnownFileType = sourcecode.c.h; path = CFXMLNode.h; sourceTree = "<group>"; };
		77DEBA1F214186C800F30B0E /* CFBundle_Resources.c */ = {isa = PBXFileReference; fileEncoding = 4; lastKnownFileType = sourcecode.c.c; path = CFBundle_Resources.c; sourceTree = "<group>"; };
		77DEBA20214186C800F30B0E /* CFStreamAbstract.h */ = {isa = PBXFileReference; fileEncoding = 4; lastKnownFileType = sourcecode.c.h; path = CFStreamAbstract.h; sourceTree = "<group>"; };
		77DEBA21214186C800F30B0E /* CFString.c */ = {isa = PBXFileReference; fileEncoding = 4; lastKnownFileType = sourcecode.c.c; path = CFString.c; sourceTree = "<group>"; };
		77DEBA22214186C800F30B0E /* CFBasicHash.c */ = {isa = PBXFileReference; fileEncoding = 4; lastKnownFileType = sourcecode.c.c; path = CFBasicHash.c; sourceTree = "<group>"; };
		77DEBA23214186C800F30B0E /* CFArray.h */ = {isa = PBXFileReference; fileEncoding = 4; lastKnownFileType = sourcecode.c.h; path = CFArray.h; sourceTree = "<group>"; };
		77DEBA24214186C800F30B0E /* CFBundle_InfoPlist.c */ = {isa = PBXFileReference; fileEncoding = 4; lastKnownFileType = sourcecode.c.c; path = CFBundle_InfoPlist.c; sourceTree = "<group>"; };
		77DEBA25214186C800F30B0E /* CFXMLParser.c */ = {isa = PBXFileReference; fileEncoding = 4; lastKnownFileType = sourcecode.c.c; path = CFXMLParser.c; sourceTree = "<group>"; };
		77DEBA26214186C800F30B0E /* CFBitVector.c */ = {isa = PBXFileReference; fileEncoding = 4; lastKnownFileType = sourcecode.c.c; path = CFBitVector.c; sourceTree = "<group>"; };
		77DEBA27214186C800F30B0E /* CFStream.h */ = {isa = PBXFileReference; fileEncoding = 4; lastKnownFileType = sourcecode.c.h; path = CFStream.h; sourceTree = "<group>"; };
		77DEBA28214186C800F30B0E /* CFRunLoop.c */ = {isa = PBXFileReference; fileEncoding = 4; lastKnownFileType = sourcecode.c.c; path = CFRunLoop.c; sourceTree = "<group>"; };
		77DEBA29214186C800F30B0E /* CoreFoundation.h */ = {isa = PBXFileReference; fileEncoding = 4; lastKnownFileType = sourcecode.c.h; path = CoreFoundation.h; sourceTree = "<group>"; };
		77DEBA2A214186C800F30B0E /* CFBundle_BinaryTypes.h */ = {isa = PBXFileReference; fileEncoding = 4; lastKnownFileType = sourcecode.c.h; path = CFBundle_BinaryTypes.h; sourceTree = "<group>"; };
		77DEBA2B214186C800F30B0E /* CFSocket.c */ = {isa = PBXFileReference; fileEncoding = 4; lastKnownFileType = sourcecode.c.c; path = CFSocket.c; sourceTree = "<group>"; };
		77DEBA2C214186C800F30B0E /* CFDictionary.h */ = {isa = PBXFileReference; fileEncoding = 4; lastKnownFileType = sourcecode.c.h; path = CFDictionary.h; sourceTree = "<group>"; };
		77DEBA2D214186C800F30B0E /* APPLE_LICENSE */ = {isa = PBXFileReference; fileEncoding = 4; lastKnownFileType = text; path = APPLE_LICENSE; sourceTree = "<group>"; };
		77DEBA2E214186C800F30B0E /* CFURL.c */ = {isa = PBXFileReference; fileEncoding = 4; lastKnownFileType = sourcecode.c.c; path = CFURL.c; sourceTree = "<group>"; };
		77DEBA2F214186C800F30B0E /* CFApplicationPreferences.c */ = {isa = PBXFileReference; fileEncoding = 4; lastKnownFileType = sourcecode.c.c; path = CFApplicationPreferences.c; sourceTree = "<group>"; };
		77DEBA30214186C800F30B0E /* CFCharacterSet.h */ = {isa = PBXFileReference; fileEncoding = 4; lastKnownFileType = sourcecode.c.h; path = CFCharacterSet.h; sourceTree = "<group>"; };
		77DEBA31214186C800F30B0E /* CFBasicHashFindBucket.m */ = {isa = PBXFileReference; fileEncoding = 4; lastKnownFileType = sourcecode.c.objc; path = CFBasicHashFindBucket.m; sourceTree = "<group>"; };
		77DEBA32214186C800F30B0E /* CFStorage.h */ = {isa = PBXFileReference; fileEncoding = 4; lastKnownFileType = sourcecode.c.h; path = CFStorage.h; sourceTree = "<group>"; };
		77DEBA33214186C800F30B0E /* CFStringEncodingDatabase.c */ = {isa = PBXFileReference; fileEncoding = 4; lastKnownFileType = sourcecode.c.c; path = CFStringEncodingDatabase.c; sourceTree = "<group>"; };
		77DEBA34214186C800F30B0E /* CFSystemDirectories.c */ = {isa = PBXFileReference; fileEncoding = 4; lastKnownFileType = sourcecode.c.c; path = CFSystemDirectories.c; sourceTree = "<group>"; };
		77DEBA35214186C800F30B0E /* CFUnicodeData-B.mapping */ = {isa = PBXFileReference; lastKnownFileType = file; path = "CFUnicodeData-B.mapping"; sourceTree = "<group>"; };
		77DEBA36214186C800F30B0E /* CFCalendar.c */ = {isa = PBXFileReference; fileEncoding = 4; lastKnownFileType = sourcecode.c.c; path = CFCalendar.c; sourceTree = "<group>"; };
		77DEBA37214186C800F30B0E /* CFOldStylePList.c */ = {isa = PBXFileReference; fileEncoding = 4; lastKnownFileType = sourcecode.c.c; path = CFOldStylePList.c; sourceTree = "<group>"; };
		77DEBA38214186C800F30B0E /* Makefile */ = {isa = PBXFileReference; fileEncoding = 4; lastKnownFileType = sourcecode.make; path = Makefile; sourceTree = "<group>"; };
		77DEBA39214186C800F30B0E /* CFDateFormatter.h */ = {isa = PBXFileReference; fileEncoding = 4; lastKnownFileType = sourcecode.c.h; path = CFDateFormatter.h; sourceTree = "<group>"; };
		77DEBA3A214186C800F30B0E /* CFPlugIn_Factory.h */ = {isa = PBXFileReference; fileEncoding = 4; lastKnownFileType = sourcecode.c.h; path = CFPlugIn_Factory.h; sourceTree = "<group>"; };
		77DEBA3B214186C800F30B0E /* CFICUConverters.c */ = {isa = PBXFileReference; fileEncoding = 4; lastKnownFileType = sourcecode.c.c; path = CFICUConverters.c; sourceTree = "<group>"; };
		77DEBA3C214186C800F30B0E /* CFSet.c */ = {isa = PBXFileReference; fileEncoding = 4; lastKnownFileType = sourcecode.c.c; path = CFSet.c; sourceTree = "<group>"; };
		77DEBA3D214186C800F30B0E /* CFBase.c */ = {isa = PBXFileReference; fileEncoding = 4; lastKnownFileType = sourcecode.c.c; path = CFBase.c; sourceTree = "<group>"; };
		77DEBA3E214186C800F30B0E /* CFTree.h */ = {isa = PBXFileReference; fileEncoding = 4; lastKnownFileType = sourcecode.c.h; path = CFTree.h; sourceTree = "<group>"; };
		77DEBA3F214186C800F30B0E /* CFSortFunctions.c */ = {isa = PBXFileReference; fileEncoding = 4; lastKnownFileType = sourcecode.c.c; path = CFSortFunctions.c; sourceTree = "<group>"; };
		77DEBA40214186C800F30B0E /* CFBinaryHeap.c */ = {isa = PBXFileReference; fileEncoding = 4; lastKnownFileType = sourcecode.c.c; path = CFBinaryHeap.c; sourceTree = "<group>"; };
		77DEBA41214186C800F30B0E /* CFMessagePort.h */ = {isa = PBXFileReference; fileEncoding = 4; lastKnownFileType = sourcecode.c.h; path = CFMessagePort.h; sourceTree = "<group>"; };
		77DEBA42214186C800F30B0E /* CFUtilities.c */ = {isa = PBXFileReference; fileEncoding = 4; lastKnownFileType = sourcecode.c.c; path = CFUtilities.c; sourceTree = "<group>"; };
		77DEBA43214186C800F30B0E /* MakefileVersion */ = {isa = PBXFileReference; fileEncoding = 4; lastKnownFileType = text; path = MakefileVersion; sourceTree = "<group>"; };
		77DEBA44214186C800F30B0E /* CFUnicodePrecomposition.h */ = {isa = PBXFileReference; fileEncoding = 4; lastKnownFileType = sourcecode.c.h; path = CFUnicodePrecomposition.h; sourceTree = "<group>"; };
		77DEBA45214186C800F30B0E /* CFMachPort.h */ = {isa = PBXFileReference; fileEncoding = 4; lastKnownFileType = sourcecode.c.h; path = CFMachPort.h; sourceTree = "<group>"; };
		77DEBA46214186C800F30B0E /* CFICULogging.h */ = {isa = PBXFileReference; fileEncoding = 4; lastKnownFileType = sourcecode.c.h; path = CFICULogging.h; sourceTree = "<group>"; };
		77DEBA47214186C800F30B0E /* CFPlugInCOM.h */ = {isa = PBXFileReference; fileEncoding = 4; lastKnownFileType = sourcecode.c.h; path = CFPlugInCOM.h; sourceTree = "<group>"; };
		77DEBA48214186C800F30B0E /* CFPlugIn.h */ = {isa = PBXFileReference; fileEncoding = 4; lastKnownFileType = sourcecode.c.h; path = CFPlugIn.h; sourceTree = "<group>"; };
		77DEBA49214186C800F30B0E /* CFFileUtilities.c */ = {isa = PBXFileReference; fileEncoding = 4; lastKnownFileType = sourcecode.c.c; path = CFFileUtilities.c; sourceTree = "<group>"; };
		77DEBA4A214186C800F30B0E /* CFBundle_Locale.c */ = {isa = PBXFileReference; fileEncoding = 4; lastKnownFileType = sourcecode.c.c; path = CFBundle_Locale.c; sourceTree = "<group>"; };
		77DEBA4B214186C800F30B0E /* CFLocaleKeys.c */ = {isa = PBXFileReference; fileEncoding = 4; lastKnownFileType = sourcecode.c.c; path = CFLocaleKeys.c; sourceTree = "<group>"; };
		77DEBA4C214186C800F30B0E /* CFUnicodeDecomposition.h */ = {isa = PBXFileReference; fileEncoding = 4; lastKnownFileType = sourcecode.c.h; path = CFUnicodeDecomposition.h; sourceTree = "<group>"; };
		77DEBA4D214186C800F30B0E /* CFDate.h */ = {isa = PBXFileReference; fileEncoding = 4; lastKnownFileType = sourcecode.c.h; path = CFDate.h; sourceTree = "<group>"; };
		77DEBA4E214186C800F30B0E /* CFBundle_Strings.c */ = {isa = PBXFileReference; fileEncoding = 4; lastKnownFileType = sourcecode.c.c; path = CFBundle_Strings.c; sourceTree = "<group>"; };
		77DEBA4F214186C800F30B0E /* CFBurstTrie.h */ = {isa = PBXFileReference; fileEncoding = 4; lastKnownFileType = sourcecode.c.h; path = CFBurstTrie.h; sourceTree = "<group>"; };
		77DEBA50214186C800F30B0E /* CFStringEncodingConverter.h */ = {isa = PBXFileReference; fileEncoding = 4; lastKnownFileType = sourcecode.c.h; path = CFStringEncodingConverter.h; sourceTree = "<group>"; };
		77DEBA51214186C800F30B0E /* CFStreamInternal.h */ = {isa = PBXFileReference; fileEncoding = 4; lastKnownFileType = sourcecode.c.h; path = CFStreamInternal.h; sourceTree = "<group>"; };
		77DEBA52214186C800F30B0E /* CFStringEncodingConverterExt.h */ = {isa = PBXFileReference; fileEncoding = 4; lastKnownFileType = sourcecode.c.h; path = CFStringEncodingConverterExt.h; sourceTree = "<group>"; };
		77DEBA53214186C800F30B0E /* CFLocale.h */ = {isa = PBXFileReference; fileEncoding = 4; lastKnownFileType = sourcecode.c.h; path = CFLocale.h; sourceTree = "<group>"; };
		77DEBA54214186C800F30B0E /* CFData.h */ = {isa = PBXFileReference; fileEncoding = 4; lastKnownFileType = sourcecode.c.h; path = CFData.h; sourceTree = "<group>"; };
		77DEBA55214186C800F30B0E /* CFUniChar.c */ = {isa = PBXFileReference; fileEncoding = 4; lastKnownFileType = sourcecode.c.c; path = CFUniChar.c; sourceTree = "<group>"; };
		77DEBA56214186C800F30B0E /* CFNumberFormatter.h */ = {isa = PBXFileReference; fileEncoding = 4; lastKnownFileType = sourcecode.c.h; path = CFNumberFormatter.h; sourceTree = "<group>"; };
		77DEBA57214186C800F30B0E /* CFURLAccess.h */ = {isa = PBXFileReference; fileEncoding = 4; lastKnownFileType = sourcecode.c.h; path = CFURLAccess.h; sourceTree = "<group>"; };
		77DEBA58214186C800F30B0E /* CFLocaleInternal.h */ = {isa = PBXFileReference; fileEncoding = 4; lastKnownFileType = sourcecode.c.h; path = CFLocaleInternal.h; sourceTree = "<group>"; };
		77DEBA59214186C800F30B0E /* CFStreamPriv.h */ = {isa = PBXFileReference; fileEncoding = 4; lastKnownFileType = sourcecode.c.h; path = CFStreamPriv.h; sourceTree = "<group>"; };
		77DEBA5A214186C800F30B0E /* CFLogUtilities.h */ = {isa = PBXFileReference; fileEncoding = 4; lastKnownFileType = sourcecode.c.h; path = CFLogUtilities.h; sourceTree = "<group>"; };
		77DEBA5B214186C800F30B0E /* CFRuntime.c */ = {isa = PBXFileReference; fileEncoding = 4; lastKnownFileType = sourcecode.c.c; path = CFRuntime.c; sourceTree = "<group>"; };
		77DEBA5C214186C800F30B0E /* CFPreferences.c */ = {isa = PBXFileReference; fileEncoding = 4; lastKnownFileType = sourcecode.c.c; path = CFPreferences.c; sourceTree = "<group>"; };
		77DEBA5D214186C800F30B0E /* CFUserNotification.c */ = {isa = PBXFileReference; fileEncoding = 4; lastKnownFileType = sourcecode.c.c; path = CFUserNotification.c; sourceTree = "<group>"; };
		77DEBA5E214186C800F30B0E /* CFTimeZone.h */ = {isa = PBXFileReference; fileEncoding = 4; lastKnownFileType = sourcecode.c.h; path = CFTimeZone.h; sourceTree = "<group>"; };
		77DEBA5F214186C800F30B0E /* TargetConditionals.h */ = {isa = PBXFileReference; fileEncoding = 4; lastKnownFileType = sourcecode.c.h; path = TargetConditionals.h; sourceTree = "<group>"; };
		77DEBA60214186C800F30B0E /* CFXMLPreferencesDomain.c */ = {isa = PBXFileReference; fileEncoding = 4; lastKnownFileType = sourcecode.c.c; path = CFXMLPreferencesDomain.c; sourceTree = "<group>"; };
		77DEBA61214186C800F30B0E /* CFError.h */ = {isa = PBXFileReference; fileEncoding = 4; lastKnownFileType = sourcecode.c.h; path = CFError.h; sourceTree = "<group>"; };
		77DEBA62214186C800F30B0E /* CFNumber.h */ = {isa = PBXFileReference; fileEncoding = 4; lastKnownFileType = sourcecode.c.h; path = CFNumber.h; sourceTree = "<group>"; };
		77DEBA63214186C800F30B0E /* CFBundlePriv.h */ = {isa = PBXFileReference; fileEncoding = 4; lastKnownFileType = sourcecode.c.h; path = CFBundlePriv.h; sourceTree = "<group>"; };
		77DEBA64214186C800F30B0E /* README_CFLITE */ = {isa = PBXFileReference; fileEncoding = 4; lastKnownFileType = text; path = README_CFLITE; sourceTree = "<group>"; };
		77DEBA65214186C800F30B0E /* CFCharacterSetBitmaps.bitmap */ = {isa = PBXFileReference; lastKnownFileType = file; path = CFCharacterSetBitmaps.bitmap; sourceTree = "<group>"; };
		77DEBA66214186C800F30B0E /* CFXMLInputStream.c */ = {isa = PBXFileReference; fileEncoding = 4; lastKnownFileType = sourcecode.c.c; path = CFXMLInputStream.c; sourceTree = "<group>"; };
		77DEBA67214186C800F30B0E /* CFBag.c */ = {isa = PBXFileReference; fileEncoding = 4; lastKnownFileType = sourcecode.c.c; path = CFBag.c; sourceTree = "<group>"; };
		77DEBA68214186C800F30B0E /* CFPropertyList.h */ = {isa = PBXFileReference; fileEncoding = 4; lastKnownFileType = sourcecode.c.h; path = CFPropertyList.h; sourceTree = "<group>"; };
		77DEBA69214186C800F30B0E /* CFBundle.c */ = {isa = PBXFileReference; fileEncoding = 4; lastKnownFileType = sourcecode.c.c; path = CFBundle.c; sourceTree = "<group>"; };
		77DEBA6A214186C800F30B0E /* CFSocketStream.c */ = {isa = PBXFileReference; fileEncoding = 4; lastKnownFileType = sourcecode.c.c; path = CFSocketStream.c; sourceTree = "<group>"; };
		77DEBA6B214186C800F30B0E /* CFBigNumber.c */ = {isa = PBXFileReference; fileEncoding = 4; lastKnownFileType = sourcecode.c.c; path = CFBigNumber.c; sourceTree = "<group>"; };
		77DEBA6C214186C800F30B0E /* CFUUID.c */ = {isa = PBXFileReference; fileEncoding = 4; lastKnownFileType = sourcecode.c.c; path = CFUUID.c; sourceTree = "<group>"; };
		77DEBA6D214186C800F30B0E /* PropertyList.dtd */ = {isa = PBXFileReference; fileEncoding = 4; lastKnownFileType = text.xml; path = PropertyList.dtd; sourceTree = "<group>"; };
		77DEBA6E214186C800F30B0E /* CFBundle_Binary.c */ = {isa = PBXFileReference; fileEncoding = 4; lastKnownFileType = sourcecode.c.c; path = CFBundle_Binary.c; sourceTree = "<group>"; };
		77DEBA6F214186C800F30B0E /* CFPlugIn_Instance.c */ = {isa = PBXFileReference; fileEncoding = 4; lastKnownFileType = sourcecode.c.c; path = CFPlugIn_Instance.c; sourceTree = "<group>"; };
		77DEBA70214186C800F30B0E /* CFPriv.h */ = {isa = PBXFileReference; fileEncoding = 4; lastKnownFileType = sourcecode.c.h; path = CFPriv.h; sourceTree = "<group>"; };
		77DEBA71214186C800F30B0E /* CFByteOrder.h */ = {isa = PBXFileReference; fileEncoding = 4; lastKnownFileType = sourcecode.c.h; path = CFByteOrder.h; sourceTree = "<group>"; };
		77DEBA72214186C800F30B0E /* CFBuiltinConverters.c */ = {isa = PBXFileReference; fileEncoding = 4; lastKnownFileType = sourcecode.c.c; path = CFBuiltinConverters.c; sourceTree = "<group>"; };
		77DEBA73214186C800F30B0E /* CFStorage.c */ = {isa = PBXFileReference; fileEncoding = 4; lastKnownFileType = sourcecode.c.c; path = CFStorage.c; sourceTree = "<group>"; };
		77DEBA75214186C800F30B0E /* plconvert.c */ = {isa = PBXFileReference; fileEncoding = 4; lastKnownFileType = sourcecode.c.c; path = plconvert.c; sourceTree = "<group>"; };
		77DEBA76214186C800F30B0E /* CFCharacterSet.c */ = {isa = PBXFileReference; fileEncoding = 4; lastKnownFileType = sourcecode.c.c; path = CFCharacterSet.c; sourceTree = "<group>"; };
		77DEBA77214186C800F30B0E /* CFDictionary.c */ = {isa = PBXFileReference; fileEncoding = 4; lastKnownFileType = sourcecode.c.c; path = CFDictionary.c; sourceTree = "<group>"; };
		77DEBA78214186C800F30B0E /* CFSocket.h */ = {isa = PBXFileReference; fileEncoding = 4; lastKnownFileType = sourcecode.c.h; path = CFSocket.h; sourceTree = "<group>"; };
		77DEBA79214186C800F30B0E /* CFURL.h */ = {isa = PBXFileReference; fileEncoding = 4; lastKnownFileType = sourcecode.c.h; path = CFURL.h; sourceTree = "<group>"; };
		77DEBA7A214186C800F30B0E /* CFInternal.h */ = {isa = PBXFileReference; fileEncoding = 4; lastKnownFileType = sourcecode.c.h; path = CFInternal.h; sourceTree = "<group>"; };
		77DEBA7B214186C800F30B0E /* CFBitVector.h */ = {isa = PBXFileReference; fileEncoding = 4; lastKnownFileType = sourcecode.c.h; path = CFBitVector.h; sourceTree = "<group>"; };
		77DEBA7C214186C800F30B0E /* CFXMLParser.h */ = {isa = PBXFileReference; fileEncoding = 4; lastKnownFileType = sourcecode.c.h; path = CFXMLParser.h; sourceTree = "<group>"; };
		77DEBA7D214186C800F30B0E /* CFXMLTree.c */ = {isa = PBXFileReference; fileEncoding = 4; lastKnownFileType = sourcecode.c.c; path = CFXMLTree.c; sourceTree = "<group>"; };
		77DEBA7E214186C800F30B0E /* CFRunLoop.h */ = {isa = PBXFileReference; fileEncoding = 4; lastKnownFileType = sourcecode.c.h; path = CFRunLoop.h; sourceTree = "<group>"; };
		77DEBA7F214186C800F30B0E /* CFStream.c */ = {isa = PBXFileReference; fileEncoding = 4; lastKnownFileType = sourcecode.c.c; path = CFStream.c; sourceTree = "<group>"; };
		77DEBA80214186C800F30B0E /* CFLocaleIdentifier.c */ = {isa = PBXFileReference; fileEncoding = 4; lastKnownFileType = sourcecode.c.c; path = CFLocaleIdentifier.c; sourceTree = "<group>"; };
		77DEBA81214186C800F30B0E /* CFXMLNode.c */ = {isa = PBXFileReference; fileEncoding = 4; lastKnownFileType = sourcecode.c.c; path = CFXMLNode.c; sourceTree = "<group>"; };
		77DEBA82214186C800F30B0E /* CFArray.c */ = {isa = PBXFileReference; fileEncoding = 4; lastKnownFileType = sourcecode.c.c; path = CFArray.c; sourceTree = "<group>"; };
		77DEBA83214186C800F30B0E /* CFBasicHash.h */ = {isa = PBXFileReference; fileEncoding = 4; lastKnownFileType = sourcecode.c.h; path = CFBasicHash.h; sourceTree = "<group>"; };
		77DEBA84214186C800F30B0E /* CFString.h */ = {isa = PBXFileReference; fileEncoding = 4; lastKnownFileType = sourcecode.c.h; path = CFString.h; sourceTree = "<group>"; };
		77DEBA85214186C800F30B0E /* CFPlatform.c */ = {isa = PBXFileReference; fileEncoding = 4; lastKnownFileType = sourcecode.c.c; path = CFPlatform.c; sourceTree = "<group>"; };
		77DEBA86214186C800F30B0E /* CFStringScanner.c */ = {isa = PBXFileReference; fileEncoding = 4; lastKnownFileType = sourcecode.c.c; path = CFStringScanner.c; sourceTree = "<group>"; };
		77DEBA87214186C800F30B0E /* CFMachPort.c */ = {isa = PBXFileReference; fileEncoding = 4; lastKnownFileType = sourcecode.c.c; path = CFMachPort.c; sourceTree = "<group>"; };
		77DEBA88214186C800F30B0E /* CFUnicodePrecomposition.c */ = {isa = PBXFileReference; fileEncoding = 4; lastKnownFileType = sourcecode.c.c; path = CFUnicodePrecomposition.c; sourceTree = "<group>"; };
		77DEBA89214186C800F30B0E /* CFBinaryHeap.h */ = {isa = PBXFileReference; fileEncoding = 4; lastKnownFileType = sourcecode.c.h; path = CFBinaryHeap.h; sourceTree = "<group>"; };
		77DEBA8A214186C800F30B0E /* CFMessagePort.c */ = {isa = PBXFileReference; fileEncoding = 4; lastKnownFileType = sourcecode.c.c; path = CFMessagePort.c; sourceTree = "<group>"; };
		77DEBA8B214186C800F30B0E /* CFTree.c */ = {isa = PBXFileReference; fileEncoding = 4; lastKnownFileType = sourcecode.c.c; path = CFTree.c; sourceTree = "<group>"; };
		77DEBA8C214186C800F30B0E /* CFBase.h */ = {isa = PBXFileReference; fileEncoding = 4; lastKnownFileType = sourcecode.c.h; path = CFBase.h; sourceTree = "<group>"; };
		77DEBA8D214186C800F30B0E /* CFURLPriv.h */ = {isa = PBXFileReference; fileEncoding = 4; lastKnownFileType = sourcecode.c.h; path = CFURLPriv.h; sourceTree = "<group>"; };
		77DEBA8E214186C800F30B0E /* CFSet.h */ = {isa = PBXFileReference; fileEncoding = 4; lastKnownFileType = sourcecode.c.h; path = CFSet.h; sourceTree = "<group>"; };
		77DEBA8F214186C800F30B0E /* CFUnicodeData-L.mapping */ = {isa = PBXFileReference; lastKnownFileType = file; path = "CFUnicodeData-L.mapping"; sourceTree = "<group>"; };
		77DEBA90214186C800F30B0E /* CFPlatformConverters.c */ = {isa = PBXFileReference; fileEncoding = 4; lastKnownFileType = sourcecode.c.c; path = CFPlatformConverters.c; sourceTree = "<group>"; };
		77DEBA91214186C800F30B0E /* CFUtilities.h */ = {isa = PBXFileReference; fileEncoding = 4; lastKnownFileType = sourcecode.c.h; path = CFUtilities.h; sourceTree = "<group>"; };
		77DEBA92214186C800F30B0E /* CFPlugIn_Factory.c */ = {isa = PBXFileReference; fileEncoding = 4; lastKnownFileType = sourcecode.c.c; path = CFPlugIn_Factory.c; sourceTree = "<group>"; };
		77DEBA93214186C800F30B0E /* CFDateFormatter.c */ = {isa = PBXFileReference; fileEncoding = 4; lastKnownFileType = sourcecode.c.c; path = CFDateFormatter.c; sourceTree = "<group>"; };
		77DEBA94214186C800F30B0E /* CFICUConverters.h */ = {isa = PBXFileReference; fileEncoding = 4; lastKnownFileType = sourcecode.c.h; path = CFICUConverters.h; sourceTree = "<group>"; };
		77DEBA95214186C800F30B0E /* CFUniCharPropertyDatabase.data */ = {isa = PBXFileReference; lastKnownFileType = file; path = CFUniCharPropertyDatabase.data; sourceTree = "<group>"; };
		77DEBA96214186C800F30B0E /* MakefileLinux */ = {isa = PBXFileReference; fileEncoding = 4; lastKnownFileType = text; path = MakefileLinux; sourceTree = "<group>"; };
		77DEBA97214186C800F30B0E /* CFStringUtilities.c */ = {isa = PBXFileReference; fileEncoding = 4; lastKnownFileType = sourcecode.c.c; path = CFStringUtilities.c; sourceTree = "<group>"; };
		77DEBA98214186C800F30B0E /* CFStringEncodingDatabase.h */ = {isa = PBXFileReference; fileEncoding = 4; lastKnownFileType = sourcecode.c.h; path = CFStringEncodingDatabase.h; sourceTree = "<group>"; };
		77DEBA99214186C800F30B0E /* CFStringDefaultEncoding.h */ = {isa = PBXFileReference; fileEncoding = 4; lastKnownFileType = sourcecode.c.h; path = CFStringDefaultEncoding.h; sourceTree = "<group>"; };
		77DEBA9A214186C800F30B0E /* CFCalendar.h */ = {isa = PBXFileReference; fileEncoding = 4; lastKnownFileType = sourcecode.c.h; path = CFCalendar.h; sourceTree = "<group>"; };
		77DEBA9B214186C800F30B0E /* CFError_Private.h */ = {isa = PBXFileReference; fileEncoding = 4; lastKnownFileType = sourcecode.c.h; path = CFError_Private.h; sourceTree = "<group>"; };
		77DEBA9C214186C800F30B0E /* CFWindowsUtilities.c */ = {isa = PBXFileReference; fileEncoding = 4; lastKnownFileType = sourcecode.c.c; path = CFWindowsUtilities.c; sourceTree = "<group>"; };
		77DEBA9D214186C800F30B0E /* plconvert.c */ = {isa = PBXFileReference; fileEncoding = 4; lastKnownFileType = sourcecode.c.c; path = plconvert.c; sourceTree = "<group>"; };
		77DEBA9E214186C800F30B0E /* CFURLAccess.c */ = {isa = PBXFileReference; fileEncoding = 4; lastKnownFileType = sourcecode.c.c; path = CFURLAccess.c; sourceTree = "<group>"; };
		77DEBA9F214186C800F30B0E /* CFBundle_Grok.c */ = {isa = PBXFileReference; fileEncoding = 4; lastKnownFileType = sourcecode.c.c; path = CFBundle_Grok.c; sourceTree = "<group>"; };
		77DEBAA0214186C800F30B0E /* CFNumberFormatter.c */ = {isa = PBXFileReference; fileEncoding = 4; lastKnownFileType = sourcecode.c.c; path = CFNumberFormatter.c; sourceTree = "<group>"; };
		77DEBAA1214186C800F30B0E /* CFStringEncodings.c */ = {isa = PBXFileReference; fileEncoding = 4; lastKnownFileType = sourcecode.c.c; path = CFStringEncodings.c; sourceTree = "<group>"; };
		77DEBAA2214186C800F30B0E /* CFLocale.c */ = {isa = PBXFileReference; fileEncoding = 4; lastKnownFileType = sourcecode.c.c; path = CFLocale.c; sourceTree = "<group>"; };
		77DEBAA3214186C800F30B0E /* CFStringEncodingExt.h */ = {isa = PBXFileReference; fileEncoding = 4; lastKnownFileType = sourcecode.c.h; path = CFStringEncodingExt.h; sourceTree = "<group>"; };
		77DEBAA4214186C800F30B0E /* CFUniChar.h */ = {isa = PBXFileReference; fileEncoding = 4; lastKnownFileType = sourcecode.c.h; path = CFUniChar.h; sourceTree = "<group>"; };
		77DEBAA5214186C800F30B0E /* CFCharacterSetPriv.h */ = {isa = PBXFileReference; fileEncoding = 4; lastKnownFileType = sourcecode.c.h; path = CFCharacterSetPriv.h; sourceTree = "<group>"; };
		77DEBAA6214186C800F30B0E /* Info.plist */ = {isa = PBXFileReference; fileEncoding = 4; lastKnownFileType = text.plist.xml; path = Info.plist; sourceTree = "<group>"; };
		77DEBAA7214186C800F30B0E /* CFData.c */ = {isa = PBXFileReference; fileEncoding = 4; lastKnownFileType = sourcecode.c.c; path = CFData.c; sourceTree = "<group>"; };
		77DEBAA8214186C800F30B0E /* CFStringEncodingConverter.c */ = {isa = PBXFileReference; fileEncoding = 4; lastKnownFileType = sourcecode.c.c; path = CFStringEncodingConverter.c; sourceTree = "<group>"; };
		77DEBAA9214186C800F30B0E /* CFBurstTrie.c */ = {isa = PBXFileReference; fileEncoding = 4; lastKnownFileType = sourcecode.c.c; path = CFBurstTrie.c; sourceTree = "<group>"; };
		77DEBAAA214186C800F30B0E /* CFDate.c */ = {isa = PBXFileReference; fileEncoding = 4; lastKnownFileType = sourcecode.c.c; path = CFDate.c; sourceTree = "<group>"; };
		77DEBAAB214186C800F30B0E /* CFUnicodeDecomposition.c */ = {isa = PBXFileReference; fileEncoding = 4; lastKnownFileType = sourcecode.c.c; path = CFUnicodeDecomposition.c; sourceTree = "<group>"; };
		77DEBAAC214186C800F30B0E /* CFPlugIn_PlugIn.c */ = {isa = PBXFileReference; fileEncoding = 4; lastKnownFileType = sourcecode.c.c; path = CFPlugIn_PlugIn.c; sourceTree = "<group>"; };
		77DEBAAD214186C800F30B0E /* CFPlugIn.c */ = {isa = PBXFileReference; fileEncoding = 4; lastKnownFileType = sourcecode.c.c; path = CFPlugIn.c; sourceTree = "<group>"; };
/* End PBXFileReference section */

/* Begin PBXFrameworksBuildPhase section */
		42077BEF2123CA3A0083365B /* Frameworks */ = {
			isa = PBXFrameworksBuildPhase;
			buildActionMask = 2147483647;
			files = (
			);
			runOnlyForDeploymentPostprocessing = 0;
		};
/* End PBXFrameworksBuildPhase section */

/* Begin PBXGroup section */
		42077BE92123CA3A0083365B = {
			isa = PBXGroup;
			children = (
				42077BF42123CA3A0083365B /* BYDownload */,
				42077BF32123CA3A0083365B /* Products */,
			);
			sourceTree = "<group>";
		};
		42077BF32123CA3A0083365B /* Products */ = {
			isa = PBXGroup;
			children = (
				42077BF22123CA3A0083365B /* BYDownload.app */,
			);
			name = Products;
			sourceTree = "<group>";
		};
		42077BF42123CA3A0083365B /* BYDownload */ = {
			isa = PBXGroup;
			children = (
				77DEBA06214186C800F30B0E /* CF-1153.18 */,
				4217B2DA2140FC2100FE7078 /* String */,
				42FB518E2134E40C003CEC7A /* KVO */,
				4216577B212BEB16008CF6C1 /* Donwload */,
				42077BF52123CA3A0083365B /* AppDelegate.h */,
				42077BF62123CA3A0083365B /* AppDelegate.m */,
				42077BFB2123CA3A0083365B /* Main.storyboard */,
				42077BFE2123CA3B0083365B /* Assets.xcassets */,
				42077C002123CA3B0083365B /* LaunchScreen.storyboard */,
				42077C032123CA3B0083365B /* Info.plist */,
				42077C042123CA3B0083365B /* main.m */,
				420A1432212410BD00449115 /* TestController.h */,
				420A1433212410BD00449115 /* TestController.m */,
				420A1435212413C400449115 /* TestObject.h */,
				420A1436212413C400449115 /* TestObject.m */,
				420A14382124293D00449115 /* BlockTest.h */,
				420A14392124293D00449115 /* BlockTest.m */,
				420A143C21242C4B00449115 /* BlockTest.cpp */,
				77DEB8FE212B0F4200F30B0E /* TestOperation.h */,
				77DEB8FF212B0F4200F30B0E /* TestOperation.m */,
			);
			path = BYDownload;
			sourceTree = "<group>";
		};
		4216577B212BEB16008CF6C1 /* Donwload */ = {
			isa = PBXGroup;
			children = (
				42FB51872134E385003CEC7A /* BYDownload */,
				42FB51832134E37D003CEC7A /* Controller */,
				4216577F212BEB16008CF6C1 /* Model */,
				42165780212BEB16008CF6C1 /* View */,
			);
			path = Donwload;
			sourceTree = "<group>";
		};
		4216577F212BEB16008CF6C1 /* Model */ = {
			isa = PBXGroup;
			children = (
				42165785212BED4D008CF6C1 /* DownloadObject.h */,
				42165786212BED4D008CF6C1 /* DownloadObject.m */,
			);
			path = Model;
			sourceTree = "<group>";
		};
		42165780212BEB16008CF6C1 /* View */ = {
			isa = PBXGroup;
			children = (
				42165781212BEB16008CF6C1 /* BYDownloadCell.h */,
				42165782212BEB16008CF6C1 /* BYDownloadCell.m */,
			);
			path = View;
			sourceTree = "<group>";
		};
		4217B2DA2140FC2100FE7078 /* String */ = {
			isa = PBXGroup;
			children = (
				4217B2DB2140FC3900FE7078 /* StringTestController.h */,
				4217B2DC2140FC3900FE7078 /* StringTestController.m */,
			);
			path = String;
			sourceTree = "<group>";
		};
		42FB51832134E37D003CEC7A /* Controller */ = {
			isa = PBXGroup;
			children = (
				42FB51842134E37D003CEC7A /* DownloadManagerController.m */,
				42FB51852134E37D003CEC7A /* DownloadManagerController.h */,
			);
			path = Controller;
			sourceTree = "<group>";
		};
		42FB51872134E385003CEC7A /* BYDownload */ = {
			isa = PBXGroup;
			children = (
				42FB51882134E385003CEC7A /* BYDownloadOpreation.m */,
				42FB51892134E385003CEC7A /* BYDownloadManager.m */,
				42FB518A2134E385003CEC7A /* BYDownloadOpreation.h */,
				42FB518B2134E385003CEC7A /* BYDownloadManager.h */,
			);
			path = BYDownload;
			sourceTree = "<group>";
		};
		42FB518E2134E40C003CEC7A /* KVO */ = {
			isa = PBXGroup;
			children = (
				42FB51922134E480003CEC7A /* BYKVOArray.h */,
				42FB51932134E480003CEC7A /* BYKVOArray.m */,
				42FB518F2134E427003CEC7A /* KVOArrayController.h */,
				42FB51902134E427003CEC7A /* KVOArrayController.m */,
			);
			path = KVO;
			sourceTree = "<group>";
		};
		77DEBA06214186C800F30B0E /* CF-1153.18 */ = {
			isa = PBXGroup;
			children = (
				77DEBA07214186C800F30B0E /* CFUUID.h */,
				77DEBA08214186C800F30B0E /* CFUniCharPriv.h */,
				77DEBA09214186C800F30B0E /* CFBundle.h */,
				77DEBA0A214186C800F30B0E /* CFBigNumber.h */,
				77DEBA0B214186C800F30B0E /* CFXMLInputStream.h */,
				77DEBA0C214186C800F30B0E /* CFNumber.c */,
				77DEBA0D214186C800F30B0E /* CFError.c */,
				77DEBA0E214186C800F30B0E /* CFBundle_Internal.h */,
				77DEBA0F214186C800F30B0E /* CFURL.inc.h */,
				77DEBA10214186C800F30B0E /* CFPropertyList.c */,
				77DEBA11214186C800F30B0E /* CFBag.h */,
				77DEBA12214186C800F30B0E /* CFStringEncodingConverterPriv.h */,
				77DEBA13214186C800F30B0E /* CFRuntime.h */,
				77DEBA14214186C800F30B0E /* CFPreferences.h */,
				77DEBA15214186C800F30B0E /* CFConcreteStreams.c */,
				77DEBA16214186C800F30B0E /* CoreFoundation_Prefix.h */,
				77DEBA17214186C800F30B0E /* CFAvailability.h */,
				77DEBA18214186C800F30B0E /* SymbolAliases */,
				77DEBA19214186C800F30B0E /* CFUserNotification.h */,
				77DEBA1A214186C800F30B0E /* CFTimeZone.c */,
				77DEBA1B214186C800F30B0E /* CFVersion.c */,
				77DEBA1C214186C800F30B0E /* ForFoundationOnly.h */,
				77DEBA1D214186C800F30B0E /* CFBinaryPList.c */,
				77DEBA1E214186C800F30B0E /* CFXMLNode.h */,
				77DEBA1F214186C800F30B0E /* CFBundle_Resources.c */,
				77DEBA20214186C800F30B0E /* CFStreamAbstract.h */,
				77DEBA21214186C800F30B0E /* CFString.c */,
				77DEBA22214186C800F30B0E /* CFBasicHash.c */,
				77DEBA23214186C800F30B0E /* CFArray.h */,
				77DEBA24214186C800F30B0E /* CFBundle_InfoPlist.c */,
				77DEBA25214186C800F30B0E /* CFXMLParser.c */,
				77DEBA26214186C800F30B0E /* CFBitVector.c */,
				77DEBA27214186C800F30B0E /* CFStream.h */,
				77DEBA28214186C800F30B0E /* CFRunLoop.c */,
				77DEBA29214186C800F30B0E /* CoreFoundation.h */,
				77DEBA2A214186C800F30B0E /* CFBundle_BinaryTypes.h */,
				77DEBA2B214186C800F30B0E /* CFSocket.c */,
				77DEBA2C214186C800F30B0E /* CFDictionary.h */,
				77DEBA2D214186C800F30B0E /* APPLE_LICENSE */,
				77DEBA2E214186C800F30B0E /* CFURL.c */,
				77DEBA2F214186C800F30B0E /* CFApplicationPreferences.c */,
				77DEBA30214186C800F30B0E /* CFCharacterSet.h */,
				77DEBA31214186C800F30B0E /* CFBasicHashFindBucket.m */,
				77DEBA32214186C800F30B0E /* CFStorage.h */,
				77DEBA33214186C800F30B0E /* CFStringEncodingDatabase.c */,
				77DEBA34214186C800F30B0E /* CFSystemDirectories.c */,
				77DEBA35214186C800F30B0E /* CFUnicodeData-B.mapping */,
				77DEBA36214186C800F30B0E /* CFCalendar.c */,
				77DEBA37214186C800F30B0E /* CFOldStylePList.c */,
				77DEBA38214186C800F30B0E /* Makefile */,
				77DEBA39214186C800F30B0E /* CFDateFormatter.h */,
				77DEBA3A214186C800F30B0E /* CFPlugIn_Factory.h */,
				77DEBA3B214186C800F30B0E /* CFICUConverters.c */,
				77DEBA3C214186C800F30B0E /* CFSet.c */,
				77DEBA3D214186C800F30B0E /* CFBase.c */,
				77DEBA3E214186C800F30B0E /* CFTree.h */,
				77DEBA3F214186C800F30B0E /* CFSortFunctions.c */,
				77DEBA40214186C800F30B0E /* CFBinaryHeap.c */,
				77DEBA41214186C800F30B0E /* CFMessagePort.h */,
				77DEBA42214186C800F30B0E /* CFUtilities.c */,
				77DEBA43214186C800F30B0E /* MakefileVersion */,
				77DEBA44214186C800F30B0E /* CFUnicodePrecomposition.h */,
				77DEBA45214186C800F30B0E /* CFMachPort.h */,
				77DEBA46214186C800F30B0E /* CFICULogging.h */,
				77DEBA47214186C800F30B0E /* CFPlugInCOM.h */,
				77DEBA48214186C800F30B0E /* CFPlugIn.h */,
				77DEBA49214186C800F30B0E /* CFFileUtilities.c */,
				77DEBA4A214186C800F30B0E /* CFBundle_Locale.c */,
				77DEBA4B214186C800F30B0E /* CFLocaleKeys.c */,
				77DEBA4C214186C800F30B0E /* CFUnicodeDecomposition.h */,
				77DEBA4D214186C800F30B0E /* CFDate.h */,
				77DEBA4E214186C800F30B0E /* CFBundle_Strings.c */,
				77DEBA4F214186C800F30B0E /* CFBurstTrie.h */,
				77DEBA50214186C800F30B0E /* CFStringEncodingConverter.h */,
				77DEBA51214186C800F30B0E /* CFStreamInternal.h */,
				77DEBA52214186C800F30B0E /* CFStringEncodingConverterExt.h */,
				77DEBA53214186C800F30B0E /* CFLocale.h */,
				77DEBA54214186C800F30B0E /* CFData.h */,
				77DEBA55214186C800F30B0E /* CFUniChar.c */,
				77DEBA56214186C800F30B0E /* CFNumberFormatter.h */,
				77DEBA57214186C800F30B0E /* CFURLAccess.h */,
				77DEBA58214186C800F30B0E /* CFLocaleInternal.h */,
				77DEBA59214186C800F30B0E /* CFStreamPriv.h */,
				77DEBA5A214186C800F30B0E /* CFLogUtilities.h */,
				77DEBA5B214186C800F30B0E /* CFRuntime.c */,
				77DEBA5C214186C800F30B0E /* CFPreferences.c */,
				77DEBA5D214186C800F30B0E /* CFUserNotification.c */,
				77DEBA5E214186C800F30B0E /* CFTimeZone.h */,
				77DEBA5F214186C800F30B0E /* TargetConditionals.h */,
				77DEBA60214186C800F30B0E /* CFXMLPreferencesDomain.c */,
				77DEBA61214186C800F30B0E /* CFError.h */,
				77DEBA62214186C800F30B0E /* CFNumber.h */,
				77DEBA63214186C800F30B0E /* CFBundlePriv.h */,
				77DEBA64214186C800F30B0E /* README_CFLITE */,
				77DEBA65214186C800F30B0E /* CFCharacterSetBitmaps.bitmap */,
				77DEBA66214186C800F30B0E /* CFXMLInputStream.c */,
				77DEBA67214186C800F30B0E /* CFBag.c */,
				77DEBA68214186C800F30B0E /* CFPropertyList.h */,
				77DEBA69214186C800F30B0E /* CFBundle.c */,
				77DEBA6A214186C800F30B0E /* CFSocketStream.c */,
				77DEBA6B214186C800F30B0E /* CFBigNumber.c */,
				77DEBA6C214186C800F30B0E /* CFUUID.c */,
				77DEBA6D214186C800F30B0E /* PropertyList.dtd */,
				77DEBA6E214186C800F30B0E /* CFBundle_Binary.c */,
				77DEBA6F214186C800F30B0E /* CFPlugIn_Instance.c */,
				77DEBA70214186C800F30B0E /* CFPriv.h */,
				77DEBA71214186C800F30B0E /* CFByteOrder.h */,
				77DEBA72214186C800F30B0E /* CFBuiltinConverters.c */,
				77DEBA73214186C800F30B0E /* CFStorage.c */,
				77DEBA74214186C800F30B0E /* Examples */,
				77DEBA76214186C800F30B0E /* CFCharacterSet.c */,
				77DEBA77214186C800F30B0E /* CFDictionary.c */,
				77DEBA78214186C800F30B0E /* CFSocket.h */,
				77DEBA79214186C800F30B0E /* CFURL.h */,
				77DEBA7A214186C800F30B0E /* CFInternal.h */,
				77DEBA7B214186C800F30B0E /* CFBitVector.h */,
				77DEBA7C214186C800F30B0E /* CFXMLParser.h */,
				77DEBA7D214186C800F30B0E /* CFXMLTree.c */,
				77DEBA7E214186C800F30B0E /* CFRunLoop.h */,
				77DEBA7F214186C800F30B0E /* CFStream.c */,
				77DEBA80214186C800F30B0E /* CFLocaleIdentifier.c */,
				77DEBA81214186C800F30B0E /* CFXMLNode.c */,
				77DEBA82214186C800F30B0E /* CFArray.c */,
				77DEBA83214186C800F30B0E /* CFBasicHash.h */,
				77DEBA84214186C800F30B0E /* CFString.h */,
				77DEBA85214186C800F30B0E /* CFPlatform.c */,
				77DEBA86214186C800F30B0E /* CFStringScanner.c */,
				77DEBA87214186C800F30B0E /* CFMachPort.c */,
				77DEBA88214186C800F30B0E /* CFUnicodePrecomposition.c */,
				77DEBA89214186C800F30B0E /* CFBinaryHeap.h */,
				77DEBA8A214186C800F30B0E /* CFMessagePort.c */,
				77DEBA8B214186C800F30B0E /* CFTree.c */,
				77DEBA8C214186C800F30B0E /* CFBase.h */,
				77DEBA8D214186C800F30B0E /* CFURLPriv.h */,
				77DEBA8E214186C800F30B0E /* CFSet.h */,
				77DEBA8F214186C800F30B0E /* CFUnicodeData-L.mapping */,
				77DEBA90214186C800F30B0E /* CFPlatformConverters.c */,
				77DEBA91214186C800F30B0E /* CFUtilities.h */,
				77DEBA92214186C800F30B0E /* CFPlugIn_Factory.c */,
				77DEBA93214186C800F30B0E /* CFDateFormatter.c */,
				77DEBA94214186C800F30B0E /* CFICUConverters.h */,
				77DEBA95214186C800F30B0E /* CFUniCharPropertyDatabase.data */,
				77DEBA96214186C800F30B0E /* MakefileLinux */,
				77DEBA97214186C800F30B0E /* CFStringUtilities.c */,
				77DEBA98214186C800F30B0E /* CFStringEncodingDatabase.h */,
				77DEBA99214186C800F30B0E /* CFStringDefaultEncoding.h */,
				77DEBA9A214186C800F30B0E /* CFCalendar.h */,
				77DEBA9B214186C800F30B0E /* CFError_Private.h */,
				77DEBA9C214186C800F30B0E /* CFWindowsUtilities.c */,
				77DEBA9D214186C800F30B0E /* plconvert.c */,
				77DEBA9E214186C800F30B0E /* CFURLAccess.c */,
				77DEBA9F214186C800F30B0E /* CFBundle_Grok.c */,
				77DEBAA0214186C800F30B0E /* CFNumberFormatter.c */,
				77DEBAA1214186C800F30B0E /* CFStringEncodings.c */,
				77DEBAA2214186C800F30B0E /* CFLocale.c */,
				77DEBAA3214186C800F30B0E /* CFStringEncodingExt.h */,
				77DEBAA4214186C800F30B0E /* CFUniChar.h */,
				77DEBAA5214186C800F30B0E /* CFCharacterSetPriv.h */,
				77DEBAA6214186C800F30B0E /* Info.plist */,
				77DEBAA7214186C800F30B0E /* CFData.c */,
				77DEBAA8214186C800F30B0E /* CFStringEncodingConverter.c */,
				77DEBAA9214186C800F30B0E /* CFBurstTrie.c */,
				77DEBAAA214186C800F30B0E /* CFDate.c */,
				77DEBAAB214186C800F30B0E /* CFUnicodeDecomposition.c */,
				77DEBAAC214186C800F30B0E /* CFPlugIn_PlugIn.c */,
				77DEBAAD214186C800F30B0E /* CFPlugIn.c */,
			);
			path = "CF-1153.18";
			sourceTree = "<group>";
		};
		77DEBA74214186C800F30B0E /* Examples */ = {
			isa = PBXGroup;
			children = (
				77DEBA75214186C800F30B0E /* plconvert.c */,
			);
			path = Examples;
			sourceTree = "<group>";
		};
/* End PBXGroup section */

/* Begin PBXNativeTarget section */
		42077BF12123CA3A0083365B /* BYDownload */ = {
			isa = PBXNativeTarget;
			buildConfigurationList = 42077C082123CA3B0083365B /* Build configuration list for PBXNativeTarget "BYDownload" */;
			buildPhases = (
				42077BEE2123CA3A0083365B /* Sources */,
				42077BEF2123CA3A0083365B /* Frameworks */,
				42077BF02123CA3A0083365B /* Resources */,
			);
			buildRules = (
			);
			dependencies = (
			);
			name = BYDownload;
			productName = BYDownload;
			productReference = 42077BF22123CA3A0083365B /* BYDownload.app */;
			productType = "com.apple.product-type.application";
		};
/* End PBXNativeTarget section */

/* Begin PBXProject section */
		42077BEA2123CA3A0083365B /* Project object */ = {
			isa = PBXProject;
			attributes = {
				LastUpgradeCheck = 0940;
				ORGANIZATIONNAME = Koolearn;
				TargetAttributes = {
					42077BF12123CA3A0083365B = {
						CreatedOnToolsVersion = 9.4.1;
					};
				};
			};
			buildConfigurationList = 42077BED2123CA3A0083365B /* Build configuration list for PBXProject "BYDownload" */;
			compatibilityVersion = "Xcode 9.3";
			developmentRegion = en;
			hasScannedForEncodings = 0;
			knownRegions = (
				en,
				Base,
			);
			mainGroup = 42077BE92123CA3A0083365B;
			productRefGroup = 42077BF32123CA3A0083365B /* Products */;
			projectDirPath = "";
			projectRoot = "";
			targets = (
				42077BF12123CA3A0083365B /* BYDownload */,
			);
		};
/* End PBXProject section */

/* Begin PBXResourcesBuildPhase section */
		42077BF02123CA3A0083365B /* Resources */ = {
			isa = PBXResourcesBuildPhase;
			buildActionMask = 2147483647;
			files = (
				77DEBABE214186C800F30B0E /* APPLE_LICENSE in Resources */,
				77DEBAD8214186C800F30B0E /* README_CFLITE in Resources */,
				77DEBAF3214186C800F30B0E /* CFUnicodeData-L.mapping in Resources */,
				42077C022123CA3B0083365B /* LaunchScreen.storyboard in Resources */,
				77DEBAC4214186C800F30B0E /* CFUnicodeData-B.mapping in Resources */,
				77DEBAB2214186C800F30B0E /* SymbolAliases in Resources */,
				77DEBB01214186C800F30B0E /* Info.plist in Resources */,
				42077BFF2123CA3B0083365B /* Assets.xcassets in Resources */,
				77DEBAF7214186C800F30B0E /* CFUniCharPropertyDatabase.data in Resources */,
				77DEBAF8214186C800F30B0E /* MakefileLinux in Resources */,
				77DEBACE214186C800F30B0E /* MakefileVersion in Resources */,
				77DEBAE0214186C800F30B0E /* PropertyList.dtd in Resources */,
				77DEBAD9214186C800F30B0E /* CFCharacterSetBitmaps.bitmap in Resources */,
				42077BFD2123CA3A0083365B /* Main.storyboard in Resources */,
			);
			runOnlyForDeploymentPostprocessing = 0;
		};
/* End PBXResourcesBuildPhase section */

/* Begin PBXSourcesBuildPhase section */
		42077BEE2123CA3A0083365B /* Sources */ = {
			isa = PBXSourcesBuildPhase;
			buildActionMask = 2147483647;
			files = (
				77DEBAC1214186C800F30B0E /* CFBasicHashFindBucket.m in Sources */,
				42FB51912134E427003CEC7A /* KVOArrayController.m in Sources */,
				77DEBAB5214186C800F30B0E /* CFBinaryPList.c in Sources */,
				77DEBAD2214186C800F30B0E /* CFBundle_Strings.c in Sources */,
				420A143A2124293D00449115 /* BlockTest.m in Sources */,
				420A1434212410BD00449115 /* TestController.m in Sources */,
				77DEBAD6214186C800F30B0E /* CFUserNotification.c in Sources */,
				77DEBAB4214186C800F30B0E /* CFVersion.c in Sources */,
				77DEBAC7214186C800F30B0E /* Makefile in Sources */,
				77DEBADE214186C800F30B0E /* CFBigNumber.c in Sources */,
				77DEBAC2214186C800F30B0E /* CFStringEncodingDatabase.c in Sources */,
				420A1437212413C400449115 /* TestObject.m in Sources */,
				77DEBABF214186C800F30B0E /* CFURL.c in Sources */,
				77DEBAB6214186C800F30B0E /* CFBundle_Resources.c in Sources */,
				77DEBACF214186C800F30B0E /* CFFileUtilities.c in Sources */,
				77DEBABA214186C800F30B0E /* CFXMLParser.c in Sources */,
				77DEBAF9214186C800F30B0E /* CFStringUtilities.c in Sources */,
				77DEBAFE214186C800F30B0E /* CFNumberFormatter.c in Sources */,
				77DEBADB214186C800F30B0E /* CFBag.c in Sources */,
				77DEBB07214186C800F30B0E /* CFPlugIn_PlugIn.c in Sources */,
				77DEBAC0214186C800F30B0E /* CFApplicationPreferences.c in Sources */,
				77DEBAD1214186C800F30B0E /* CFLocaleKeys.c in Sources */,
				77DEBAB7214186C800F30B0E /* CFString.c in Sources */,
				77DEBACD214186C800F30B0E /* CFUtilities.c in Sources */,
				77DEBAEA214186C800F30B0E /* CFLocaleIdentifier.c in Sources */,
				77DEBADF214186C800F30B0E /* CFUUID.c in Sources */,
				4217B2DD2140FC3900FE7078 /* StringTestController.m in Sources */,
				77DEBAD5214186C800F30B0E /* CFPreferences.c in Sources */,
				77DEBAE4214186C800F30B0E /* CFStorage.c in Sources */,
				77DEBAE2214186C800F30B0E /* CFPlugIn_Instance.c in Sources */,
				77DEBAE8214186C800F30B0E /* CFXMLTree.c in Sources */,
				77DEBADC214186C800F30B0E /* CFBundle.c in Sources */,
				77DEBACC214186C800F30B0E /* CFBinaryHeap.c in Sources */,
				42FB518C2134E385003CEC7A /* BYDownloadOpreation.m in Sources */,
				77DEBADA214186C800F30B0E /* CFXMLInputStream.c in Sources */,
				77DEBAF5214186C800F30B0E /* CFPlugIn_Factory.c in Sources */,
				77DEBAAE214186C800F30B0E /* CFNumber.c in Sources */,
				77DEBAF0214186C800F30B0E /* CFUnicodePrecomposition.c in Sources */,
				77DEBAC8214186C800F30B0E /* CFICUConverters.c in Sources */,
				77DEBAED214186C800F30B0E /* CFPlatform.c in Sources */,
				77DEBAEF214186C800F30B0E /* CFMachPort.c in Sources */,
				77DEBAFB214186C800F30B0E /* plconvert.c in Sources */,
				77DEBB04214186C800F30B0E /* CFBurstTrie.c in Sources */,
				77DEBAC9214186C800F30B0E /* CFSet.c in Sources */,
				77DEBAF2214186C800F30B0E /* CFTree.c in Sources */,
				77DEBAE3214186C800F30B0E /* CFBuiltinConverters.c in Sources */,
				77DEBAEC214186C800F30B0E /* CFArray.c in Sources */,
				77DEBAC5214186C800F30B0E /* CFCalendar.c in Sources */,
				77DEBAE6214186C800F30B0E /* CFCharacterSet.c in Sources */,
				77DEBAFC214186C800F30B0E /* CFURLAccess.c in Sources */,
				77DEBAFF214186C800F30B0E /* CFStringEncodings.c in Sources */,
				77DEBAF4214186C800F30B0E /* CFPlatformConverters.c in Sources */,
				77DEBAE5214186C800F30B0E /* plconvert.c in Sources */,
				77DEBABB214186C800F30B0E /* CFBitVector.c in Sources */,
				77DEBAE7214186C800F30B0E /* CFDictionary.c in Sources */,
				77DEBB06214186C800F30B0E /* CFUnicodeDecomposition.c in Sources */,
				77DEBB03214186C800F30B0E /* CFStringEncodingConverter.c in Sources */,
				77DEBAB0214186C800F30B0E /* CFPropertyList.c in Sources */,
				77DEBAEE214186C800F30B0E /* CFStringScanner.c in Sources */,
				77DEBAF1214186C800F30B0E /* CFMessagePort.c in Sources */,
				42077C052123CA3B0083365B /* main.m in Sources */,
				77DEBAE1214186C800F30B0E /* CFBundle_Binary.c in Sources */,
				77DEBAB8214186C800F30B0E /* CFBasicHash.c in Sources */,
				77DEBB05214186C800F30B0E /* CFDate.c in Sources */,
				77DEBAB1214186C800F30B0E /* CFConcreteStreams.c in Sources */,
				77DEBAFA214186C800F30B0E /* CFWindowsUtilities.c in Sources */,
				77DEBAB3214186C800F30B0E /* CFTimeZone.c in Sources */,
				77DEBAEB214186C800F30B0E /* CFXMLNode.c in Sources */,
				42165787212BED4D008CF6C1 /* DownloadObject.m in Sources */,
				77DEBAD4214186C800F30B0E /* CFRuntime.c in Sources */,
				42FB51942134E480003CEC7A /* BYKVOArray.m in Sources */,
				77DEBAB9214186C800F30B0E /* CFBundle_InfoPlist.c in Sources */,
				77DEBACA214186C800F30B0E /* CFBase.c in Sources */,
				42FB518D2134E385003CEC7A /* BYDownloadManager.m in Sources */,
				77DEBAC6214186C800F30B0E /* CFOldStylePList.c in Sources */,
				77DEBACB214186C800F30B0E /* CFSortFunctions.c in Sources */,
				77DEBAD0214186C800F30B0E /* CFBundle_Locale.c in Sources */,
				42077BF72123CA3A0083365B /* AppDelegate.m in Sources */,
				42FB51862134E37D003CEC7A /* DownloadManagerController.m in Sources */,
				77DEBADD214186C800F30B0E /* CFSocketStream.c in Sources */,
				77DEBAF6214186C800F30B0E /* CFDateFormatter.c in Sources */,
				77DEBABC214186C800F30B0E /* CFRunLoop.c in Sources */,
				77DEBAE9214186C800F30B0E /* CFStream.c in Sources */,
				77DEBAAF214186C800F30B0E /* CFError.c in Sources */,
				77DEBAFD214186C800F30B0E /* CFBundle_Grok.c in Sources */,
				77DEBB00214186C800F30B0E /* CFLocale.c in Sources */,
				77DEBABD214186C800F30B0E /* CFSocket.c in Sources */,
				77DEBAC3214186C800F30B0E /* CFSystemDirectories.c in Sources */,
				42165784212BEB16008CF6C1 /* BYDownloadCell.m in Sources */,
				77DEBB02214186C800F30B0E /* CFData.c in Sources */,
				77DEBAD7214186C800F30B0E /* CFXMLPreferencesDomain.c in Sources */,
				77DEB900212B0F4200F30B0E /* TestOperation.m in Sources */,
				77DEBAD3214186C800F30B0E /* CFUniChar.c in Sources */,
				77DEBB08214186C800F30B0E /* CFPlugIn.c in Sources */,
			);
			runOnlyForDeploymentPostprocessing = 0;
		};
/* End PBXSourcesBuildPhase section */

/* Begin PBXVariantGroup section */
		42077BFB2123CA3A0083365B /* Main.storyboard */ = {
			isa = PBXVariantGroup;
			children = (
				42077BFC2123CA3A0083365B /* Base */,
			);
			name = Main.storyboard;
			sourceTree = "<group>";
		};
		42077C002123CA3B0083365B /* LaunchScreen.storyboard */ = {
			isa = PBXVariantGroup;
			children = (
				42077C012123CA3B0083365B /* Base */,
			);
			name = LaunchScreen.storyboard;
			sourceTree = "<group>";
		};
/* End PBXVariantGroup section */

/* Begin XCBuildConfiguration section */
		42077C062123CA3B0083365B /* Debug */ = {
			isa = XCBuildConfiguration;
			buildSettings = {
				ALWAYS_SEARCH_USER_PATHS = NO;
				CLANG_ANALYZER_NONNULL = YES;
				CLANG_ANALYZER_NUMBER_OBJECT_CONVERSION = YES_AGGRESSIVE;
				CLANG_CXX_LANGUAGE_STANDARD = "gnu++14";
				CLANG_CXX_LIBRARY = "libc++";
				CLANG_ENABLE_MODULES = YES;
				CLANG_ENABLE_OBJC_ARC = YES;
				CLANG_ENABLE_OBJC_WEAK = YES;
				CLANG_WARN_BLOCK_CAPTURE_AUTORELEASING = YES;
				CLANG_WARN_BOOL_CONVERSION = YES;
				CLANG_WARN_COMMA = YES;
				CLANG_WARN_CONSTANT_CONVERSION = YES;
				CLANG_WARN_DEPRECATED_OBJC_IMPLEMENTATIONS = YES;
				CLANG_WARN_DIRECT_OBJC_ISA_USAGE = YES_ERROR;
				CLANG_WARN_DOCUMENTATION_COMMENTS = YES;
				CLANG_WARN_EMPTY_BODY = YES;
				CLANG_WARN_ENUM_CONVERSION = YES;
				CLANG_WARN_INFINITE_RECURSION = YES;
				CLANG_WARN_INT_CONVERSION = YES;
				CLANG_WARN_NON_LITERAL_NULL_CONVERSION = YES;
				CLANG_WARN_OBJC_IMPLICIT_RETAIN_SELF = YES;
				CLANG_WARN_OBJC_LITERAL_CONVERSION = YES;
				CLANG_WARN_OBJC_ROOT_CLASS = YES_ERROR;
				CLANG_WARN_RANGE_LOOP_ANALYSIS = YES;
				CLANG_WARN_STRICT_PROTOTYPES = YES;
				CLANG_WARN_SUSPICIOUS_MOVE = YES;
				CLANG_WARN_UNGUARDED_AVAILABILITY = YES_AGGRESSIVE;
				CLANG_WARN_UNREACHABLE_CODE = YES;
				CLANG_WARN__DUPLICATE_METHOD_MATCH = YES;
				CODE_SIGN_IDENTITY = "iPhone Developer";
				COPY_PHASE_STRIP = NO;
				DEBUG_INFORMATION_FORMAT = dwarf;
				ENABLE_STRICT_OBJC_MSGSEND = YES;
				ENABLE_TESTABILITY = YES;
				GCC_C_LANGUAGE_STANDARD = gnu11;
				GCC_DYNAMIC_NO_PIC = NO;
				GCC_NO_COMMON_BLOCKS = YES;
				GCC_OPTIMIZATION_LEVEL = 0;
				GCC_PREPROCESSOR_DEFINITIONS = (
					"DEBUG=1",
					"$(inherited)",
				);
				GCC_WARN_64_TO_32_BIT_CONVERSION = YES;
				GCC_WARN_ABOUT_RETURN_TYPE = YES_ERROR;
				GCC_WARN_UNDECLARED_SELECTOR = YES;
				GCC_WARN_UNINITIALIZED_AUTOS = YES_AGGRESSIVE;
				GCC_WARN_UNUSED_FUNCTION = YES;
				GCC_WARN_UNUSED_VARIABLE = YES;
				IPHONEOS_DEPLOYMENT_TARGET = 11.4;
				MTL_ENABLE_DEBUG_INFO = YES;
				ONLY_ACTIVE_ARCH = YES;
				SDKROOT = iphoneos;
			};
			name = Debug;
		};
		42077C072123CA3B0083365B /* Release */ = {
			isa = XCBuildConfiguration;
			buildSettings = {
				ALWAYS_SEARCH_USER_PATHS = NO;
				CLANG_ANALYZER_NONNULL = YES;
				CLANG_ANALYZER_NUMBER_OBJECT_CONVERSION = YES_AGGRESSIVE;
				CLANG_CXX_LANGUAGE_STANDARD = "gnu++14";
				CLANG_CXX_LIBRARY = "libc++";
				CLANG_ENABLE_MODULES = YES;
				CLANG_ENABLE_OBJC_ARC = YES;
				CLANG_ENABLE_OBJC_WEAK = YES;
				CLANG_WARN_BLOCK_CAPTURE_AUTORELEASING = YES;
				CLANG_WARN_BOOL_CONVERSION = YES;
				CLANG_WARN_COMMA = YES;
				CLANG_WARN_CONSTANT_CONVERSION = YES;
				CLANG_WARN_DEPRECATED_OBJC_IMPLEMENTATIONS = YES;
				CLANG_WARN_DIRECT_OBJC_ISA_USAGE = YES_ERROR;
				CLANG_WARN_DOCUMENTATION_COMMENTS = YES;
				CLANG_WARN_EMPTY_BODY = YES;
				CLANG_WARN_ENUM_CONVERSION = YES;
				CLANG_WARN_INFINITE_RECURSION = YES;
				CLANG_WARN_INT_CONVERSION = YES;
				CLANG_WARN_NON_LITERAL_NULL_CONVERSION = YES;
				CLANG_WARN_OBJC_IMPLICIT_RETAIN_SELF = YES;
				CLANG_WARN_OBJC_LITERAL_CONVERSION = YES;
				CLANG_WARN_OBJC_ROOT_CLASS = YES_ERROR;
				CLANG_WARN_RANGE_LOOP_ANALYSIS = YES;
				CLANG_WARN_STRICT_PROTOTYPES = YES;
				CLANG_WARN_SUSPICIOUS_MOVE = YES;
				CLANG_WARN_UNGUARDED_AVAILABILITY = YES_AGGRESSIVE;
				CLANG_WARN_UNREACHABLE_CODE = YES;
				CLANG_WARN__DUPLICATE_METHOD_MATCH = YES;
				CODE_SIGN_IDENTITY = "iPhone Developer";
				COPY_PHASE_STRIP = NO;
				DEBUG_INFORMATION_FORMAT = "dwarf-with-dsym";
				ENABLE_NS_ASSERTIONS = NO;
				ENABLE_STRICT_OBJC_MSGSEND = YES;
				GCC_C_LANGUAGE_STANDARD = gnu11;
				GCC_NO_COMMON_BLOCKS = YES;
				GCC_WARN_64_TO_32_BIT_CONVERSION = YES;
				GCC_WARN_ABOUT_RETURN_TYPE = YES_ERROR;
				GCC_WARN_UNDECLARED_SELECTOR = YES;
				GCC_WARN_UNINITIALIZED_AUTOS = YES_AGGRESSIVE;
				GCC_WARN_UNUSED_FUNCTION = YES;
				GCC_WARN_UNUSED_VARIABLE = YES;
				IPHONEOS_DEPLOYMENT_TARGET = 11.4;
				MTL_ENABLE_DEBUG_INFO = NO;
				SDKROOT = iphoneos;
				VALIDATE_PRODUCT = YES;
			};
			name = Release;
		};
		42077C092123CA3B0083365B /* Debug */ = {
			isa = XCBuildConfiguration;
			buildSettings = {
				ASSETCATALOG_COMPILER_APPICON_NAME = AppIcon;
				CODE_SIGN_STYLE = Automatic;
				DEVELOPMENT_TEAM = 66X9PJVZ92;
				INFOPLIST_FILE = BYDownload/Info.plist;
				IPHONEOS_DEPLOYMENT_TARGET = 9.0;
				LD_RUNPATH_SEARCH_PATHS = (
					"$(inherited)",
					"@executable_path/Frameworks",
				);
				PRODUCT_BUNDLE_IDENTIFIER = com.koolearn.BYDownload;
				PRODUCT_NAME = "$(TARGET_NAME)";
				TARGETED_DEVICE_FAMILY = "1,2";
			};
			name = Debug;
		};
		42077C0A2123CA3B0083365B /* Release */ = {
			isa = XCBuildConfiguration;
			buildSettings = {
				ASSETCATALOG_COMPILER_APPICON_NAME = AppIcon;
				CODE_SIGN_STYLE = Automatic;
				DEVELOPMENT_TEAM = 66X9PJVZ92;
				INFOPLIST_FILE = BYDownload/Info.plist;
				IPHONEOS_DEPLOYMENT_TARGET = 9.0;
				LD_RUNPATH_SEARCH_PATHS = (
					"$(inherited)",
					"@executable_path/Frameworks",
				);
				PRODUCT_BUNDLE_IDENTIFIER = com.koolearn.BYDownload;
				PRODUCT_NAME = "$(TARGET_NAME)";
				TARGETED_DEVICE_FAMILY = "1,2";
			};
			name = Release;
		};
/* End XCBuildConfiguration section */

/* Begin XCConfigurationList section */
		42077BED2123CA3A0083365B /* Build configuration list for PBXProject "BYDownload" */ = {
			isa = XCConfigurationList;
			buildConfigurations = (
				42077C062123CA3B0083365B /* Debug */,
				42077C072123CA3B0083365B /* Release */,
			);
			defaultConfigurationIsVisible = 0;
			defaultConfigurationName = Release;
		};
		42077C082123CA3B0083365B /* Build configuration list for PBXNativeTarget "BYDownload" */ = {
			isa = XCConfigurationList;
			buildConfigurations = (
				42077C092123CA3B0083365B /* Debug */,
				42077C0A2123CA3B0083365B /* Release */,
			);
			defaultConfigurationIsVisible = 0;
			defaultConfigurationName = Release;
		};
/* End XCConfigurationList section */
	};
	rootObject = 42077BEA2123CA3A0083365B /* Project object */;
}
